// !$*UTF8*$!
{
	archiveVersion = 1;
	classes = {
	};
	objectVersion = 56;
	objects = {

/* Begin PBXBuildFile section */
		8518D8362B34404E009A4732 /* AppDelegate.swift in Sources */ = {isa = PBXBuildFile; fileRef = 8518D8352B34404E009A4732 /* AppDelegate.swift */; };
		8518D8382B34404E009A4732 /* SceneDelegate.swift in Sources */ = {isa = PBXBuildFile; fileRef = 8518D8372B34404E009A4732 /* SceneDelegate.swift */; };
		8518D83A2B34404E009A4732 /* ViewController.swift in Sources */ = {isa = PBXBuildFile; fileRef = 8518D8392B34404E009A4732 /* ViewController.swift */; };
		8518D83D2B34404E009A4732 /* Main.storyboard in Resources */ = {isa = PBXBuildFile; fileRef = 8518D83B2B34404E009A4732 /* Main.storyboard */; };
		8518D83F2B34404F009A4732 /* Assets.xcassets in Resources */ = {isa = PBXBuildFile; fileRef = 8518D83E2B34404F009A4732 /* Assets.xcassets */; };
		8518D8422B34404F009A4732 /* LaunchScreen.storyboard in Resources */ = {isa = PBXBuildFile; fileRef = 8518D8402B34404F009A4732 /* LaunchScreen.storyboard */; };
		8518D84D2B344050009A4732 /* IlkProjectTests.swift in Sources */ = {isa = PBXBuildFile; fileRef = 8518D84C2B344050009A4732 /* IlkProjectTests.swift */; };
		8518D8572B344050009A4732 /* IlkProjectUITests.swift in Sources */ = {isa = PBXBuildFile; fileRef = 8518D8562B344050009A4732 /* IlkProjectUITests.swift */; };
		8518D8592B344050009A4732 /* IlkProjectUITestsLaunchTests.swift in Sources */ = {isa = PBXBuildFile; fileRef = 8518D8582B344050009A4732 /* IlkProjectUITestsLaunchTests.swift */; };
		8518D8662B344109009A4732 /* SecondWC.swift in Sources */ = {isa = PBXBuildFile; fileRef = 8518D8652B344109009A4732 /* SecondWC.swift */; };
/* End PBXBuildFile section */

/* Begin PBXContainerItemProxy section */
		8518D8492B344050009A4732 /* PBXContainerItemProxy */ = {
			isa = PBXContainerItemProxy;
			containerPortal = 8518D82A2B34404E009A4732 /* Project object */;
			proxyType = 1;
			remoteGlobalIDString = 8518D8312B34404E009A4732;
			remoteInfo = IlkProject;
		};
		8518D8532B344050009A4732 /* PBXContainerItemProxy */ = {
			isa = PBXContainerItemProxy;
			containerPortal = 8518D82A2B34404E009A4732 /* Project object */;
			proxyType = 1;
			remoteGlobalIDString = 8518D8312B34404E009A4732;
			remoteInfo = IlkProject;
		};
/* End PBXContainerItemProxy section */

/* Begin PBXFileReference section */
		8518D8322B34404E009A4732 /* IlkProject.app */ = {isa = PBXFileReference; explicitFileType = wrapper.application; includeInIndex = 0; path = IlkProject.app; sourceTree = BUILT_PRODUCTS_DIR; };
		8518D8352B34404E009A4732 /* AppDelegate.swift */ = {isa = PBXFileReference; lastKnownFileType = sourcecode.swift; path = AppDelegate.swift; sourceTree = "<group>"; };
		8518D8372B34404E009A4732 /* SceneDelegate.swift */ = {isa = PBXFileReference; lastKnownFileType = sourcecode.swift; path = SceneDelegate.swift; sourceTree = "<group>"; };
		8518D8392B34404E009A4732 /* ViewController.swift */ = {isa = PBXFileReference; lastKnownFileType = sourcecode.swift; path = ViewController.swift; sourceTree = "<group>"; usesTabs = 0; };
		8518D83C2B34404E009A4732 /* Base */ = {isa = PBXFileReference; lastKnownFileType = file.storyboard; name = Base; path = Base.lproj/Main.storyboard; sourceTree = "<group>"; };
		8518D83E2B34404F009A4732 /* Assets.xcassets */ = {isa = PBXFileReference; lastKnownFileType = folder.assetcatalog; path = Assets.xcassets; sourceTree = "<group>"; };
		8518D8412B34404F009A4732 /* Base */ = {isa = PBXFileReference; lastKnownFileType = file.storyboard; name = Base; path = Base.lproj/LaunchScreen.storyboard; sourceTree = "<group>"; };
		8518D8432B34404F009A4732 /* Info.plist */ = {isa = PBXFileReference; lastKnownFileType = text.plist.xml; path = Info.plist; sourceTree = "<group>"; };
		8518D8482B344050009A4732 /* IlkProjectTests.xctest */ = {isa = PBXFileReference; explicitFileType = wrapper.cfbundle; includeInIndex = 0; path = IlkProjectTests.xctest; sourceTree = BUILT_PRODUCTS_DIR; };
		8518D84C2B344050009A4732 /* IlkProjectTests.swift */ = {isa = PBXFileReference; lastKnownFileType = sourcecode.swift; path = IlkProjectTests.swift; sourceTree = "<group>"; };
		8518D8522B344050009A4732 /* IlkProjectUITests.xctest */ = {isa = PBXFileReference; explicitFileType = wrapper.cfbundle; includeInIndex = 0; path = IlkProjectUITests.xctest; sourceTree = BUILT_PRODUCTS_DIR; };
		8518D8562B344050009A4732 /* IlkProjectUITests.swift */ = {isa = PBXFileReference; lastKnownFileType = sourcecode.swift; path = IlkProjectUITests.swift; sourceTree = "<group>"; };
		8518D8582B344050009A4732 /* IlkProjectUITestsLaunchTests.swift */ = {isa = PBXFileReference; lastKnownFileType = sourcecode.swift; path = IlkProjectUITestsLaunchTests.swift; sourceTree = "<group>"; };
		8518D8652B344109009A4732 /* SecondWC.swift */ = {isa = PBXFileReference; lastKnownFileType = sourcecode.swift; path = SecondWC.swift; sourceTree = "<group>"; };
/* End PBXFileReference section */

/* Begin PBXFrameworksBuildPhase section */
		8518D82F2B34404E009A4732 /* Frameworks */ = {
			isa = PBXFrameworksBuildPhase;
			buildActionMask = 2147483647;
			files = (
			);
			runOnlyForDeploymentPostprocessing = 0;
		};
		8518D8452B344050009A4732 /* Frameworks */ = {
			isa = PBXFrameworksBuildPhase;
			buildActionMask = 2147483647;
			files = (
			);
			runOnlyForDeploymentPostprocessing = 0;
		};
		8518D84F2B344050009A4732 /* Frameworks */ = {
			isa = PBXFrameworksBuildPhase;
			buildActionMask = 2147483647;
			files = (
			);
			runOnlyForDeploymentPostprocessing = 0;
		};
/* End PBXFrameworksBuildPhase section */

/* Begin PBXGroup section */
		8518D8292B34404E009A4732 = {
			isa = PBXGroup;
			children = (
				8518D8342B34404E009A4732 /* IlkProject */,
				8518D84B2B344050009A4732 /* IlkProjectTests */,
				8518D8552B344050009A4732 /* IlkProjectUITests */,
				8518D8332B34404E009A4732 /* Products */,
			);
			sourceTree = "<group>";
		};
		8518D8332B34404E009A4732 /* Products */ = {
			isa = PBXGroup;
			children = (
				8518D8322B34404E009A4732 /* IlkProject.app */,
				8518D8482B344050009A4732 /* IlkProjectTests.xctest */,
				8518D8522B344050009A4732 /* IlkProjectUITests.xctest */,
			);
			name = Products;
			sourceTree = "<group>";
		};
		8518D8342B34404E009A4732 /* IlkProject */ = {
			isa = PBXGroup;
			children = (
				8518D8352B34404E009A4732 /* AppDelegate.swift */,
				8518D8372B34404E009A4732 /* SceneDelegate.swift */,
				8518D8392B34404E009A4732 /* ViewController.swift */,
				8518D83B2B34404E009A4732 /* Main.storyboard */,
				8518D8652B344109009A4732 /* SecondWC.swift */,
				8518D83E2B34404F009A4732 /* Assets.xcassets */,
				8518D8402B34404F009A4732 /* LaunchScreen.storyboard */,
				8518D8432B34404F009A4732 /* Info.plist */,
			);
			path = IlkProject;
			sourceTree = "<group>";
		};
		8518D84B2B344050009A4732 /* IlkProjectTests */ = {
			isa = PBXGroup;
			children = (
				8518D84C2B344050009A4732 /* IlkProjectTests.swift */,
			);
			path = IlkProjectTests;
			sourceTree = "<group>";
		};
		8518D8552B344050009A4732 /* IlkProjectUITests */ = {
			isa = PBXGroup;
			children = (
				8518D8562B344050009A4732 /* IlkProjectUITests.swift */,
				8518D8582B344050009A4732 /* IlkProjectUITestsLaunchTests.swift */,
			);
			path = IlkProjectUITests;
			sourceTree = "<group>";
		};
/* End PBXGroup section */

/* Begin PBXNativeTarget section */
		8518D8312B34404E009A4732 /* IlkProject */ = {
			isa = PBXNativeTarget;
			buildConfigurationList = 8518D85C2B344050009A4732 /* Build configuration list for PBXNativeTarget "IlkProject" */;
			buildPhases = (
				8518D82E2B34404E009A4732 /* Sources */,
				8518D82F2B34404E009A4732 /* Frameworks */,
				8518D8302B34404E009A4732 /* Resources */,
			);
			buildRules = (
			);
			dependencies = (
			);
			name = IlkProject;
			productName = IlkProject;
			productReference = 8518D8322B34404E009A4732 /* IlkProject.app */;
			productType = "com.apple.product-type.application";
		};
		8518D8472B344050009A4732 /* IlkProjectTests */ = {
			isa = PBXNativeTarget;
			buildConfigurationList = 8518D85F2B344050009A4732 /* Build configuration list for PBXNativeTarget "IlkProjectTests" */;
			buildPhases = (
				8518D8442B344050009A4732 /* Sources */,
				8518D8452B344050009A4732 /* Frameworks */,
				8518D8462B344050009A4732 /* Resources */,
			);
			buildRules = (
			);
			dependencies = (
				8518D84A2B344050009A4732 /* PBXTargetDependency */,
			);
			name = IlkProjectTests;
			productName = IlkProjectTests;
			productReference = 8518D8482B344050009A4732 /* IlkProjectTests.xctest */;
			productType = "com.apple.product-type.bundle.unit-test";
		};
		8518D8512B344050009A4732 /* IlkProjectUITests */ = {
			isa = PBXNativeTarget;
			buildConfigurationList = 8518D8622B344050009A4732 /* Build configuration list for PBXNativeTarget "IlkProjectUITests" */;
			buildPhases = (
				8518D84E2B344050009A4732 /* Sources */,
				8518D84F2B344050009A4732 /* Frameworks */,
				8518D8502B344050009A4732 /* Resources */,
			);
			buildRules = (
			);
			dependencies = (
				8518D8542B344050009A4732 /* PBXTargetDependency */,
			);
			name = IlkProjectUITests;
			productName = IlkProjectUITests;
			productReference = 8518D8522B344050009A4732 /* IlkProjectUITests.xctest */;
			productType = "com.apple.product-type.bundle.ui-testing";
		};
/* End PBXNativeTarget section */

/* Begin PBXProject section */
		8518D82A2B34404E009A4732 /* Project object */ = {
			isa = PBXProject;
			attributes = {
				BuildIndependentTargetsInParallel = 1;
				LastSwiftUpdateCheck = 1500;
				LastUpgradeCheck = 1500;
				TargetAttributes = {
					8518D8312B34404E009A4732 = {
						CreatedOnToolsVersion = 15.0.1;
					};
					8518D8472B344050009A4732 = {
						CreatedOnToolsVersion = 15.0.1;
						TestTargetID = 8518D8312B34404E009A4732;
					};
					8518D8512B344050009A4732 = {
						CreatedOnToolsVersion = 15.0.1;
						TestTargetID = 8518D8312B34404E009A4732;
					};
				};
			};
			buildConfigurationList = 8518D82D2B34404E009A4732 /* Build configuration list for PBXProject "IlkProject" */;
			compatibilityVersion = "Xcode 14.0";
			developmentRegion = en;
			hasScannedForEncodings = 0;
			knownRegions = (
				en,
				Base,
			);
			mainGroup = 8518D8292B34404E009A4732;
			productRefGroup = 8518D8332B34404E009A4732 /* Products */;
			projectDirPath = "";
			projectRoot = "";
			targets = (
				8518D8312B34404E009A4732 /* IlkProject */,
				8518D8472B344050009A4732 /* IlkProjectTests */,
				8518D8512B344050009A4732 /* IlkProjectUITests */,
			);
		};
/* End PBXProject section */

/* Begin PBXResourcesBuildPhase section */
		8518D8302B34404E009A4732 /* Resources */ = {
			isa = PBXResourcesBuildPhase;
			buildActionMask = 2147483647;
			files = (
				8518D8422B34404F009A4732 /* LaunchScreen.storyboard in Resources */,
				8518D83F2B34404F009A4732 /* Assets.xcassets in Resources */,
				8518D83D2B34404E009A4732 /* Main.storyboard in Resources */,
			);
			runOnlyForDeploymentPostprocessing = 0;
		};
		8518D8462B344050009A4732 /* Resources */ = {
			isa = PBXResourcesBuildPhase;
			buildActionMask = 2147483647;
			files = (
			);
			runOnlyForDeploymentPostprocessing = 0;
		};
		8518D8502B344050009A4732 /* Resources */ = {
			isa = PBXResourcesBuildPhase;
			buildActionMask = 2147483647;
			files = (
			);
			runOnlyForDeploymentPostprocessing = 0;
		};
/* End PBXResourcesBuildPhase section */

/* Begin PBXSourcesBuildPhase section */
		8518D82E2B34404E009A4732 /* Sources */ = {
			isa = PBXSourcesBuildPhase;
			buildActionMask = 2147483647;
			files = (
				8518D83A2B34404E009A4732 /* ViewController.swift in Sources */,
				8518D8362B34404E009A4732 /* AppDelegate.swift in Sources */,
				8518D8382B34404E009A4732 /* SceneDelegate.swift in Sources */,
				8518D8662B344109009A4732 /* SecondWC.swift in Sources */,
			);
			runOnlyForDeploymentPostprocessing = 0;
		};
		8518D8442B344050009A4732 /* Sources */ = {
			isa = PBXSourcesBuildPhase;
			buildActionMask = 2147483647;
			files = (
				8518D84D2B344050009A4732 /* IlkProjectTests.swift in Sources */,
			);
			runOnlyForDeploymentPostprocessing = 0;
		};
		8518D84E2B344050009A4732 /* Sources */ = {
			isa = PBXSourcesBuildPhase;
			buildActionMask = 2147483647;
			files = (
				8518D8572B344050009A4732 /* IlkProjectUITests.swift in Sources */,
				8518D8592B344050009A4732 /* IlkProjectUITestsLaunchTests.swift in Sources */,
			);
			runOnlyForDeploymentPostprocessing = 0;
		};
/* End PBXSourcesBuildPhase section */

/* Begin PBXTargetDependency section */
		8518D84A2B344050009A4732 /* PBXTargetDependency */ = {
			isa = PBXTargetDependency;
			target = 8518D8312B34404E009A4732 /* IlkProject */;
			targetProxy = 8518D8492B344050009A4732 /* PBXContainerItemProxy */;
		};
		8518D8542B344050009A4732 /* PBXTargetDependency */ = {
			isa = PBXTargetDependency;
			target = 8518D8312B34404E009A4732 /* IlkProject */;
			targetProxy = 8518D8532B344050009A4732 /* PBXContainerItemProxy */;
		};
/* End PBXTargetDependency section */

/* Begin PBXVariantGroup section */
		8518D83B2B34404E009A4732 /* Main.storyboard */ = {
			isa = PBXVariantGroup;
			children = (
				8518D83C2B34404E009A4732 /* Base */,
			);
			name = Main.storyboard;
			sourceTree = "<group>";
		};
		8518D8402B34404F009A4732 /* LaunchScreen.storyboard */ = {
			isa = PBXVariantGroup;
			children = (
				8518D8412B34404F009A4732 /* Base */,
			);
			name = LaunchScreen.storyboard;
			sourceTree = "<group>";
		};
/* End PBXVariantGroup section */

/* Begin XCBuildConfiguration section */
		8518D85A2B344050009A4732 /* Debug */ = {
			isa = XCBuildConfiguration;
			buildSettings = {
				ALWAYS_SEARCH_USER_PATHS = NO;
				ASSETCATALOG_COMPILER_GENERATE_SWIFT_ASSET_SYMBOL_EXTENSIONS = YES;
				CLANG_ANALYZER_NONNULL = YES;
				CLANG_ANALYZER_NUMBER_OBJECT_CONVERSION = YES_AGGRESSIVE;
				CLANG_CXX_LANGUAGE_STANDARD = "gnu++20";
				CLANG_ENABLE_MODULES = YES;
				CLANG_ENABLE_OBJC_ARC = YES;
				CLANG_ENABLE_OBJC_WEAK = YES;
				CLANG_WARN_BLOCK_CAPTURE_AUTORELEASING = YES;
				CLANG_WARN_BOOL_CONVERSION = YES;
				CLANG_WARN_COMMA = YES;
				CLANG_WARN_CONSTANT_CONVERSION = YES;
				CLANG_WARN_DEPRECATED_OBJC_IMPLEMENTATIONS = YES;
				CLANG_WARN_DIRECT_OBJC_ISA_USAGE = YES_ERROR;
				CLANG_WARN_DOCUMENTATION_COMMENTS = YES;
				CLANG_WARN_EMPTY_BODY = YES;
				CLANG_WARN_ENUM_CONVERSION = YES;
				CLANG_WARN_INFINITE_RECURSION = YES;
				CLANG_WARN_INT_CONVERSION = YES;
				CLANG_WARN_NON_LITERAL_NULL_CONVERSION = YES;
				CLANG_WARN_OBJC_IMPLICIT_RETAIN_SELF = YES;
				CLANG_WARN_OBJC_LITERAL_CONVERSION = YES;
				CLANG_WARN_OBJC_ROOT_CLASS = YES_ERROR;
				CLANG_WARN_QUOTED_INCLUDE_IN_FRAMEWORK_HEADER = YES;
				CLANG_WARN_RANGE_LOOP_ANALYSIS = YES;
				CLANG_WARN_STRICT_PROTOTYPES = YES;
				CLANG_WARN_SUSPICIOUS_MOVE = YES;
				CLANG_WARN_UNGUARDED_AVAILABILITY = YES_AGGRESSIVE;
				CLANG_WARN_UNREACHABLE_CODE = YES;
				CLANG_WARN__DUPLICATE_METHOD_MATCH = YES;
				COPY_PHASE_STRIP = NO;
				DEBUG_INFORMATION_FORMAT = dwarf;
				ENABLE_STRICT_OBJC_MSGSEND = YES;
				ENABLE_TESTABILITY = YES;
				ENABLE_USER_SCRIPT_SANDBOXING = YES;
				GCC_C_LANGUAGE_STANDARD = gnu17;
				GCC_DYNAMIC_NO_PIC = NO;
				GCC_NO_COMMON_BLOCKS = YES;
				GCC_OPTIMIZATION_LEVEL = 0;
				GCC_PREPROCESSOR_DEFINITIONS = (
					"DEBUG=1",
					"$(inherited)",
				);
				GCC_WARN_64_TO_32_BIT_CONVERSION = YES;
				GCC_WARN_ABOUT_RETURN_TYPE = YES_ERROR;
				GCC_WARN_UNDECLARED_SELECTOR = YES;
				GCC_WARN_UNINITIALIZED_AUTOS = YES_AGGRESSIVE;
				GCC_WARN_UNUSED_FUNCTION = YES;
				GCC_WARN_UNUSED_VARIABLE = YES;
				IPHONEOS_DEPLOYMENT_TARGET = 17.0;
				LOCALIZATION_PREFERS_STRING_CATALOGS = YES;
				MTL_ENABLE_DEBUG_INFO = INCLUDE_SOURCE;
				MTL_FAST_MATH = YES;
				ONLY_ACTIVE_ARCH = YES;
				SDKROOT = iphoneos;
				SWIFT_ACTIVE_COMPILATION_CONDITIONS = "DEBUG $(inherited)";
				SWIFT_OPTIMIZATION_LEVEL = "-Onone";
			};
			name = Debug;
		};
		8518D85B2B344050009A4732 /* Release */ = {
			isa = XCBuildConfiguration;
			buildSettings = {
				ALWAYS_SEARCH_USER_PATHS = NO;
				ASSETCATALOG_COMPILER_GENERATE_SWIFT_ASSET_SYMBOL_EXTENSIONS = YES;
				CLANG_ANALYZER_NONNULL = YES;
				CLANG_ANALYZER_NUMBER_OBJECT_CONVERSION = YES_AGGRESSIVE;
				CLANG_CXX_LANGUAGE_STANDARD = "gnu++20";
				CLANG_ENABLE_MODULES = YES;
				CLANG_ENABLE_OBJC_ARC = YES;
				CLANG_ENABLE_OBJC_WEAK = YES;
				CLANG_WARN_BLOCK_CAPTURE_AUTORELEASING = YES;
				CLANG_WARN_BOOL_CONVERSION = YES;
				CLANG_WARN_COMMA = YES;
				CLANG_WARN_CONSTANT_CONVERSION = YES;
				CLANG_WARN_DEPRECATED_OBJC_IMPLEMENTATIONS = YES;
				CLANG_WARN_DIRECT_OBJC_ISA_USAGE = YES_ERROR;
				CLANG_WARN_DOCUMENTATION_COMMENTS = YES;
				CLANG_WARN_EMPTY_BODY = YES;
				CLANG_WARN_ENUM_CONVERSION = YES;
				CLANG_WARN_INFINITE_RECURSION = YES;
				CLANG_WARN_INT_CONVERSION = YES;
				CLANG_WARN_NON_LITERAL_NULL_CONVERSION = YES;
				CLANG_WARN_OBJC_IMPLICIT_RETAIN_SELF = YES;
				CLANG_WARN_OBJC_LITERAL_CONVERSION = YES;
				CLANG_WARN_OBJC_ROOT_CLASS = YES_ERROR;
				CLANG_WARN_QUOTED_INCLUDE_IN_FRAMEWORK_HEADER = YES;
				CLANG_WARN_RANGE_LOOP_ANALYSIS = YES;
				CLANG_WARN_STRICT_PROTOTYPES = YES;
				CLANG_WARN_SUSPICIOUS_MOVE = YES;
				CLANG_WARN_UNGUARDED_AVAILABILITY = YES_AGGRESSIVE;
				CLANG_WARN_UNREACHABLE_CODE = YES;
				CLANG_WARN__DUPLICATE_METHOD_MATCH = YES;
				COPY_PHASE_STRIP = NO;
				DEBUG_INFORMATION_FORMAT = "dwarf-with-dsym";
				ENABLE_NS_ASSERTIONS = NO;
				ENABLE_STRICT_OBJC_MSGSEND = YES;
				ENABLE_USER_SCRIPT_SANDBOXING = YES;
				GCC_C_LANGUAGE_STANDARD = gnu17;
				GCC_NO_COMMON_BLOCKS = YES;
				GCC_WARN_64_TO_32_BIT_CONVERSION = YES;
				GCC_WARN_ABOUT_RETURN_TYPE = YES_ERROR;
				GCC_WARN_UNDECLARED_SELECTOR = YES;
				GCC_WARN_UNINITIALIZED_AUTOS = YES_AGGRESSIVE;
				GCC_WARN_UNUSED_FUNCTION = YES;
				GCC_WARN_UNUSED_VARIABLE = YES;
				IPHONEOS_DEPLOYMENT_TARGET = 17.0;
				LOCALIZATION_PREFERS_STRING_CATALOGS = YES;
				MTL_ENABLE_DEBUG_INFO = NO;
				MTL_FAST_MATH = YES;
				SDKROOT = iphoneos;
				SWIFT_COMPILATION_MODE = wholemodule;
				VALIDATE_PRODUCT = YES;
			};
			name = Release;
		};
		8518D85D2B344050009A4732 /* Debug */ = {
			isa = XCBuildConfiguration;
			buildSettings = {
				ASSETCATALOG_COMPILER_APPICON_NAME = AppIcon;
				ASSETCATALOG_COMPILER_GLOBAL_ACCENT_COLOR_NAME = AccentColor;
				CODE_SIGN_STYLE = Automatic;
				CURRENT_PROJECT_VERSION = 1;
				DEVELOPMENT_TEAM = GRNYRMUBZH;
				GENERATE_INFOPLIST_FILE = YES;
				INFOPLIST_FILE = IlkProject/Info.plist;
				INFOPLIST_KEY_UIApplicationSupportsIndirectInputEvents = YES;
				INFOPLIST_KEY_UILaunchStoryboardName = LaunchScreen;
				INFOPLIST_KEY_UIMainStoryboardFile = Main;
				INFOPLIST_KEY_UISupportedInterfaceOrientations_iPad = "UIInterfaceOrientationPortrait UIInterfaceOrientationPortraitUpsideDown UIInterfaceOrientationLandscapeLeft UIInterfaceOrientationLandscapeRight";
				INFOPLIST_KEY_UISupportedInterfaceOrientations_iPhone = "UIInterfaceOrientationPortrait UIInterfaceOrientationLandscapeLeft UIInterfaceOrientationLandscapeRight";
				LD_RUNPATH_SEARCH_PATHS = (
					"$(inherited)",
					"@executable_path/Frameworks",
				);
				MARKETING_VERSION = 1.0;
				PRODUCT_BUNDLE_IDENTIFIER = Omer.IlkProject;
				PRODUCT_NAME = "$(TARGET_NAME)";
				SWIFT_EMIT_LOC_STRINGS = YES;
				SWIFT_VERSION = 5.0;
				TARGETED_DEVICE_FAMILY = "1,2";
			};
			name = Debug;
		};
		8518D85E2B344050009A4732 /* Release */ = {
			isa = XCBuildConfiguration;
			buildSettings = {
				ASSETCATALOG_COMPILER_APPICON_NAME = AppIcon;
				ASSETCATALOG_COMPILER_GLOBAL_ACCENT_COLOR_NAME = AccentColor;
				CODE_SIGN_STYLE = Automatic;
				CURRENT_PROJECT_VERSION = 1;
				DEVELOPMENT_TEAM = GRNYRMUBZH;
				GENERATE_INFOPLIST_FILE = YES;
				INFOPLIST_FILE = IlkProject/Info.plist;
				INFOPLIST_KEY_UIApplicationSupportsIndirectInputEvents = YES;
				INFOPLIST_KEY_UILaunchStoryboardName = LaunchScreen;
				INFOPLIST_KEY_UIMainStoryboardFile = Main;
				INFOPLIST_KEY_UISupportedInterfaceOrientations_iPad = "UIInterfaceOrientationPortrait UIInterfaceOrientationPortraitUpsideDown UIInterfaceOrientationLandscapeLeft UIInterfaceOrientationLandscapeRight";
				INFOPLIST_KEY_UISupportedInterfaceOrientations_iPhone = "UIInterfaceOrientationPortrait UIInterfaceOrientationLandscapeLeft UIInterfaceOrientationLandscapeRight";
				LD_RUNPATH_SEARCH_PATHS = (
					"$(inherited)",
					"@executable_path/Frameworks",
				);
				MARKETING_VERSION = 1.0;
				PRODUCT_BUNDLE_IDENTIFIER = Omer.IlkProject;
				PRODUCT_NAME = "$(TARGET_NAME)";
				SWIFT_EMIT_LOC_STRINGS = YES;
				SWIFT_VERSION = 5.0;
				TARGETED_DEVICE_FAMILY = "1,2";
			};
			name = Release;
		};
		8518D8602B344050009A4732 /* Debug */ = {
			isa = XCBuildConfiguration;
			buildSettings = {
				ALWAYS_EMBED_SWIFT_STANDARD_LIBRARIES = YES;
				BUNDLE_LOADER = "$(TEST_HOST)";
				CODE_SIGN_STYLE = Automatic;
				CURRENT_PROJECT_VERSION = 1;
				DEVELOPMENT_TEAM = GRNYRMUBZH;
				GENERATE_INFOPLIST_FILE = YES;
				IPHONEOS_DEPLOYMENT_TARGET = 17.0;
				MARKETING_VERSION = 1.0;
				PRODUCT_BUNDLE_IDENTIFIER = Omer.IlkProjectTests;
				PRODUCT_NAME = "$(TARGET_NAME)";
				SWIFT_EMIT_LOC_STRINGS = NO;
				SWIFT_VERSION = 5.0;
				TARGETED_DEVICE_FAMILY = "1,2";
				TEST_HOST = "$(BUILT_PRODUCTS_DIR)/IlkProject.app/$(BUNDLE_EXECUTABLE_FOLDER_PATH)/IlkProject";
			};
			name = Debug;
		};
		8518D8612B344050009A4732 /* Release */ = {
			isa = XCBuildConfiguration;
			buildSettings = {
				ALWAYS_EMBED_SWIFT_STANDARD_LIBRARIES = YES;
				BUNDLE_LOADER = "$(TEST_HOST)";
				CODE_SIGN_STYLE = Automatic;
				CURRENT_PROJECT_VERSION = 1;
				DEVELOPMENT_TEAM = GRNYRMUBZH;
				GENERATE_INFOPLIST_FILE = YES;
				IPHONEOS_DEPLOYMENT_TARGET = 17.0;
				MARKETING_VERSION = 1.0;
				PRODUCT_BUNDLE_IDENTIFIER = Omer.IlkProjectTests;
				PRODUCT_NAME = "$(TARGET_NAME)";
				SWIFT_EMIT_LOC_STRINGS = NO;
				SWIFT_VERSION = 5.0;
				TARGETED_DEVICE_FAMILY = "1,2";
				TEST_HOST = "$(BUILT_PRODUCTS_DIR)/IlkProject.app/$(BUNDLE_EXECUTABLE_FOLDER_PATH)/IlkProject";
			};
			name = Release;
		};
		8518D8632B344050009A4732 /* Debug */ = {
			isa = XCBuildConfiguration;
			buildSettings = {
				ALWAYS_EMBED_SWIFT_STANDARD_LIBRARIES = YES;
				CODE_SIGN_STYLE = Automatic;
				CURRENT_PROJECT_VERSION = 1;
				DEVELOPMENT_TEAM = GRNYRMUBZH;
				GENERATE_INFOPLIST_FILE = YES;
				MARKETING_VERSION = 1.0;
				PRODUCT_BUNDLE_IDENTIFIER = Omer.IlkProjectUITests;
				PRODUCT_NAME = "$(TARGET_NAME)";
				SWIFT_EMIT_LOC_STRINGS = NO;
				SWIFT_VERSION = 5.0;
				TARGETED_DEVICE_FAMILY = "1,2";
				TEST_TARGET_NAME = IlkProject;
			};
			name = Debug;
		};
		8518D8642B344050009A4732 /* Release */ = {
			isa = XCBuildConfiguration;
			buildSettings = {
				ALWAYS_EMBED_SWIFT_STANDARD_LIBRARIES = YES;
				CODE_SIGN_STYLE = Automatic;
				CURRENT_PROJECT_VERSION = 1;
				DEVELOPMENT_TEAM = GRNYRMUBZH;
				GENERATE_INFOPLIST_FILE = YES;
				MARKETING_VERSION = 1.0;
				PRODUCT_BUNDLE_IDENTIFIER = Omer.IlkProjectUITests;
				PRODUCT_NAME = "$(TARGET_NAME)";
				SWIFT_EMIT_LOC_STRINGS = NO;
				SWIFT_VERSION = 5.0;
				TARGETED_DEVICE_FAMILY = "1,2";
				TEST_TARGET_NAME = IlkProject;
			};
			name = Release;
		};
/* End XCBuildConfiguration section */

/* Begin XCConfigurationList section */
		8518D82D2B34404E009A4732 /* Build configuration list for PBXProject "IlkProject" */ = {
			isa = XCConfigurationList;
			buildConfigurations = (
				8518D85A2B344050009A4732 /* Debug */,
				8518D85B2B344050009A4732 /* Release */,
			);
			defaultConfigurationIsVisible = 0;
			defaultConfigurationName = Release;
		};
		8518D85C2B344050009A4732 /* Build configuration list for PBXNativeTarget "IlkProject" */ = {
			isa = XCConfigurationList;
			buildConfigurations = (
				8518D85D2B344050009A4732 /* Debug */,
				8518D85E2B344050009A4732 /* Release */,
			);
			defaultConfigurationIsVisible = 0;
			defaultConfigurationName = Release;
		};
		8518D85F2B344050009A4732 /* Build configuration list for PBXNativeTarget "IlkProjectTests" */ = {
			isa = XCConfigurationList;
			buildConfigurations = (
				8518D8602B344050009A4732 /* Debug */,
				8518D8612B344050009A4732 /* Release */,
			);
			defaultConfigurationIsVisible = 0;
			defaultConfigurationName = Release;
		};
		8518D8622B344050009A4732 /* Build configuration list for PBXNativeTarget "IlkProjectUITests" */ = {
			isa = XCConfigurationList;
			buildConfigurations = (
				8518D8632B344050009A4732 /* Debug */,
				8518D8642B344050009A4732 /* Release */,
			);
			defaultConfigurationIsVisible = 0;
			defaultConfigurationName = Release;
		};
/* End XCConfigurationList section */
	};
	rootObject = 8518D82A2B34404E009A4732 /* Project object */;
}
