// !$*UTF8*$!
{
	archiveVersion = 1;
	classes = {
	};
	objectVersion = 56;
	objects = {

/* Begin PBXBuildFile section */
		8589FE732B384116008285A7 /* AppDelegate.swift in Sources */ = {isa = PBXBuildFile; fileRef = 8589FE722B384116008285A7 /* AppDelegate.swift */; };
		8589FE752B384116008285A7 /* SceneDelegate.swift in Sources */ = {isa = PBXBuildFile; fileRef = 8589FE742B384116008285A7 /* SceneDelegate.swift */; };
		8589FE772B384116008285A7 /* ViewController.swift in Sources */ = {isa = PBXBuildFile; fileRef = 8589FE762B384116008285A7 /* ViewController.swift */; };
		8589FE7A2B384116008285A7 /* Main.storyboard in Resources */ = {isa = PBXBuildFile; fileRef = 8589FE782B384116008285A7 /* Main.storyboard */; };
		8589FE7C2B384118008285A7 /* Assets.xcassets in Resources */ = {isa = PBXBuildFile; fileRef = 8589FE7B2B384118008285A7 /* Assets.xcassets */; };
		8589FE7F2B384118008285A7 /* LaunchScreen.storyboard in Resources */ = {isa = PBXBuildFile; fileRef = 8589FE7D2B384118008285A7 /* LaunchScreen.storyboard */; };
		8589FE8A2B384118008285A7 /* NavigationCostumizetionTests.swift in Sources */ = {isa = PBXBuildFile; fileRef = 8589FE892B384118008285A7 /* NavigationCostumizetionTests.swift */; };
		8589FE942B384118008285A7 /* NavigationCostumizetionUITests.swift in Sources */ = {isa = PBXBuildFile; fileRef = 8589FE932B384118008285A7 /* NavigationCostumizetionUITests.swift */; };
		8589FE962B384119008285A7 /* NavigationCostumizetionUITestsLaunchTests.swift in Sources */ = {isa = PBXBuildFile; fileRef = 8589FE952B384119008285A7 /* NavigationCostumizetionUITestsLaunchTests.swift */; };
/* End PBXBuildFile section */

/* Begin PBXContainerItemProxy section */
		8589FE862B384118008285A7 /* PBXContainerItemProxy */ = {
			isa = PBXContainerItemProxy;
			containerPortal = 8589FE672B384116008285A7 /* Project object */;
			proxyType = 1;
			remoteGlobalIDString = 8589FE6E2B384116008285A7;
			remoteInfo = NavigationCostumizetion;
		};
		8589FE902B384118008285A7 /* PBXContainerItemProxy */ = {
			isa = PBXContainerItemProxy;
			containerPortal = 8589FE672B384116008285A7 /* Project object */;
			proxyType = 1;
			remoteGlobalIDString = 8589FE6E2B384116008285A7;
			remoteInfo = NavigationCostumizetion;
		};
/* End PBXContainerItemProxy section */

/* Begin PBXFileReference section */
		8589FE6F2B384116008285A7 /* NavigationCostumizetion.app */ = {isa = PBXFileReference; explicitFileType = wrapper.application; includeInIndex = 0; path = NavigationCostumizetion.app; sourceTree = BUILT_PRODUCTS_DIR; };
		8589FE722B384116008285A7 /* AppDelegate.swift */ = {isa = PBXFileReference; lastKnownFileType = sourcecode.swift; path = AppDelegate.swift; sourceTree = "<group>"; };
		8589FE742B384116008285A7 /* SceneDelegate.swift */ = {isa = PBXFileReference; lastKnownFileType = sourcecode.swift; path = SceneDelegate.swift; sourceTree = "<group>"; };
		8589FE762B384116008285A7 /* ViewController.swift */ = {isa = PBXFileReference; lastKnownFileType = sourcecode.swift; path = ViewController.swift; sourceTree = "<group>"; };
		8589FE792B384116008285A7 /* Base */ = {isa = PBXFileReference; lastKnownFileType = file.storyboard; name = Base; path = Base.lproj/Main.storyboard; sourceTree = "<group>"; };
		8589FE7B2B384118008285A7 /* Assets.xcassets */ = {isa = PBXFileReference; lastKnownFileType = folder.assetcatalog; path = Assets.xcassets; sourceTree = "<group>"; };
		8589FE7E2B384118008285A7 /* Base */ = {isa = PBXFileReference; lastKnownFileType = file.storyboard; name = Base; path = Base.lproj/LaunchScreen.storyboard; sourceTree = "<group>"; };
		8589FE802B384118008285A7 /* Info.plist */ = {isa = PBXFileReference; lastKnownFileType = text.plist.xml; path = Info.plist; sourceTree = "<group>"; };
		8589FE852B384118008285A7 /* NavigationCostumizetionTests.xctest */ = {isa = PBXFileReference; explicitFileType = wrapper.cfbundle; includeInIndex = 0; path = NavigationCostumizetionTests.xctest; sourceTree = BUILT_PRODUCTS_DIR; };
		8589FE892B384118008285A7 /* NavigationCostumizetionTests.swift */ = {isa = PBXFileReference; lastKnownFileType = sourcecode.swift; path = NavigationCostumizetionTests.swift; sourceTree = "<group>"; };
		8589FE8F2B384118008285A7 /* NavigationCostumizetionUITests.xctest */ = {isa = PBXFileReference; explicitFileType = wrapper.cfbundle; includeInIndex = 0; path = NavigationCostumizetionUITests.xctest; sourceTree = BUILT_PRODUCTS_DIR; };
		8589FE932B384118008285A7 /* NavigationCostumizetionUITests.swift */ = {isa = PBXFileReference; lastKnownFileType = sourcecode.swift; path = NavigationCostumizetionUITests.swift; sourceTree = "<group>"; };
		8589FE952B384119008285A7 /* NavigationCostumizetionUITestsLaunchTests.swift */ = {isa = PBXFileReference; lastKnownFileType = sourcecode.swift; path = NavigationCostumizetionUITestsLaunchTests.swift; sourceTree = "<group>"; };
/* End PBXFileReference section */

/* Begin PBXFrameworksBuildPhase section */
		8589FE6C2B384116008285A7 /* Frameworks */ = {
			isa = PBXFrameworksBuildPhase;
			buildActionMask = 2147483647;
			files = (
			);
			runOnlyForDeploymentPostprocessing = 0;
		};
		8589FE822B384118008285A7 /* Frameworks */ = {
			isa = PBXFrameworksBuildPhase;
			buildActionMask = 2147483647;
			files = (
			);
			runOnlyForDeploymentPostprocessing = 0;
		};
		8589FE8C2B384118008285A7 /* Frameworks */ = {
			isa = PBXFrameworksBuildPhase;
			buildActionMask = 2147483647;
			files = (
			);
			runOnlyForDeploymentPostprocessing = 0;
		};
/* End PBXFrameworksBuildPhase section */

/* Begin PBXGroup section */
		8589FE662B384116008285A7 = {
			isa = PBXGroup;
			children = (
				8589FE712B384116008285A7 /* NavigationCostumizetion */,
				8589FE882B384118008285A7 /* NavigationCostumizetionTests */,
				8589FE922B384118008285A7 /* NavigationCostumizetionUITests */,
				8589FE702B384116008285A7 /* Products */,
			);
			sourceTree = "<group>";
		};
		8589FE702B384116008285A7 /* Products */ = {
			isa = PBXGroup;
			children = (
				8589FE6F2B384116008285A7 /* NavigationCostumizetion.app */,
				8589FE852B384118008285A7 /* NavigationCostumizetionTests.xctest */,
				8589FE8F2B384118008285A7 /* NavigationCostumizetionUITests.xctest */,
			);
			name = Products;
			sourceTree = "<group>";
		};
		8589FE712B384116008285A7 /* NavigationCostumizetion */ = {
			isa = PBXGroup;
			children = (
				8589FE722B384116008285A7 /* AppDelegate.swift */,
				8589FE742B384116008285A7 /* SceneDelegate.swift */,
				8589FE762B384116008285A7 /* ViewController.swift */,
				8589FE782B384116008285A7 /* Main.storyboard */,
				8589FE7B2B384118008285A7 /* Assets.xcassets */,
				8589FE7D2B384118008285A7 /* LaunchScreen.storyboard */,
				8589FE802B384118008285A7 /* Info.plist */,
			);
			path = NavigationCostumizetion;
			sourceTree = "<group>";
		};
		8589FE882B384118008285A7 /* NavigationCostumizetionTests */ = {
			isa = PBXGroup;
			children = (
				8589FE892B384118008285A7 /* NavigationCostumizetionTests.swift */,
			);
			path = NavigationCostumizetionTests;
			sourceTree = "<group>";
		};
		8589FE922B384118008285A7 /* NavigationCostumizetionUITests */ = {
			isa = PBXGroup;
			children = (
				8589FE932B384118008285A7 /* NavigationCostumizetionUITests.swift */,
				8589FE952B384119008285A7 /* NavigationCostumizetionUITestsLaunchTests.swift */,
			);
			path = NavigationCostumizetionUITests;
			sourceTree = "<group>";
		};
/* End PBXGroup section */

/* Begin PBXNativeTarget section */
		8589FE6E2B384116008285A7 /* NavigationCostumizetion */ = {
			isa = PBXNativeTarget;
			buildConfigurationList = 8589FE992B384119008285A7 /* Build configuration list for PBXNativeTarget "NavigationCostumizetion" */;
			buildPhases = (
				8589FE6B2B384116008285A7 /* Sources */,
				8589FE6C2B384116008285A7 /* Frameworks */,
				8589FE6D2B384116008285A7 /* Resources */,
			);
			buildRules = (
			);
			dependencies = (
			);
			name = NavigationCostumizetion;
			productName = NavigationCostumizetion;
			productReference = 8589FE6F2B384116008285A7 /* NavigationCostumizetion.app */;
			productType = "com.apple.product-type.application";
		};
		8589FE842B384118008285A7 /* NavigationCostumizetionTests */ = {
			isa = PBXNativeTarget;
			buildConfigurationList = 8589FE9C2B384119008285A7 /* Build configuration list for PBXNativeTarget "NavigationCostumizetionTests" */;
			buildPhases = (
				8589FE812B384118008285A7 /* Sources */,
				8589FE822B384118008285A7 /* Frameworks */,
				8589FE832B384118008285A7 /* Resources */,
			);
			buildRules = (
			);
			dependencies = (
				8589FE872B384118008285A7 /* PBXTargetDependency */,
			);
			name = NavigationCostumizetionTests;
			productName = NavigationCostumizetionTests;
			productReference = 8589FE852B384118008285A7 /* NavigationCostumizetionTests.xctest */;
			productType = "com.apple.product-type.bundle.unit-test";
		};
		8589FE8E2B384118008285A7 /* NavigationCostumizetionUITests */ = {
			isa = PBXNativeTarget;
			buildConfigurationList = 8589FE9F2B384119008285A7 /* Build configuration list for PBXNativeTarget "NavigationCostumizetionUITests" */;
			buildPhases = (
				8589FE8B2B384118008285A7 /* Sources */,
				8589FE8C2B384118008285A7 /* Frameworks */,
				8589FE8D2B384118008285A7 /* Resources */,
			);
			buildRules = (
			);
			dependencies = (
				8589FE912B384118008285A7 /* PBXTargetDependency */,
			);
			name = NavigationCostumizetionUITests;
			productName = NavigationCostumizetionUITests;
			productReference = 8589FE8F2B384118008285A7 /* NavigationCostumizetionUITests.xctest */;
			productType = "com.apple.product-type.bundle.ui-testing";
		};
/* End PBXNativeTarget section */

/* Begin PBXProject section */
		8589FE672B384116008285A7 /* Project object */ = {
			isa = PBXProject;
			attributes = {
				BuildIndependentTargetsInParallel = 1;
				LastSwiftUpdateCheck = 1500;
				LastUpgradeCheck = 1500;
				TargetAttributes = {
					8589FE6E2B384116008285A7 = {
						CreatedOnToolsVersion = 15.0.1;
					};
					8589FE842B384118008285A7 = {
						CreatedOnToolsVersion = 15.0.1;
						TestTargetID = 8589FE6E2B384116008285A7;
					};
					8589FE8E2B384118008285A7 = {
						CreatedOnToolsVersion = 15.0.1;
						TestTargetID = 8589FE6E2B384116008285A7;
					};
				};
			};
			buildConfigurationList = 8589FE6A2B384116008285A7 /* Build configuration list for PBXProject "NavigationCostumizetion" */;
			compatibilityVersion = "Xcode 14.0";
			developmentRegion = en;
			hasScannedForEncodings = 0;
			knownRegions = (
				en,
				Base,
			);
			mainGroup = 8589FE662B384116008285A7;
			productRefGroup = 8589FE702B384116008285A7 /* Products */;
			projectDirPath = "";
			projectRoot = "";
			targets = (
				8589FE6E2B384116008285A7 /* NavigationCostumizetion */,
				8589FE842B384118008285A7 /* NavigationCostumizetionTests */,
				8589FE8E2B384118008285A7 /* NavigationCostumizetionUITests */,
			);
		};
/* End PBXProject section */

/* Begin PBXResourcesBuildPhase section */
		8589FE6D2B384116008285A7 /* Resources */ = {
			isa = PBXResourcesBuildPhase;
			buildActionMask = 2147483647;
			files = (
				8589FE7F2B384118008285A7 /* LaunchScreen.storyboard in Resources */,
				8589FE7C2B384118008285A7 /* Assets.xcassets in Resources */,
				8589FE7A2B384116008285A7 /* Main.storyboard in Resources */,
			);
			runOnlyForDeploymentPostprocessing = 0;
		};
		8589FE832B384118008285A7 /* Resources */ = {
			isa = PBXResourcesBuildPhase;
			buildActionMask = 2147483647;
			files = (
			);
			runOnlyForDeploymentPostprocessing = 0;
		};
		8589FE8D2B384118008285A7 /* Resources */ = {
			isa = PBXResourcesBuildPhase;
			buildActionMask = 2147483647;
			files = (
			);
			runOnlyForDeploymentPostprocessing = 0;
		};
/* End PBXResourcesBuildPhase section */

/* Begin PBXSourcesBuildPhase section */
		8589FE6B2B384116008285A7 /* Sources */ = {
			isa = PBXSourcesBuildPhase;
			buildActionMask = 2147483647;
			files = (
				8589FE772B384116008285A7 /* ViewController.swift in Sources */,
				8589FE732B384116008285A7 /* AppDelegate.swift in Sources */,
				8589FE752B384116008285A7 /* SceneDelegate.swift in Sources */,
			);
			runOnlyForDeploymentPostprocessing = 0;
		};
		8589FE812B384118008285A7 /* Sources */ = {
			isa = PBXSourcesBuildPhase;
			buildActionMask = 2147483647;
			files = (
				8589FE8A2B384118008285A7 /* NavigationCostumizetionTests.swift in Sources */,
			);
			runOnlyForDeploymentPostprocessing = 0;
		};
		8589FE8B2B384118008285A7 /* Sources */ = {
			isa = PBXSourcesBuildPhase;
			buildActionMask = 2147483647;
			files = (
				8589FE962B384119008285A7 /* NavigationCostumizetionUITestsLaunchTests.swift in Sources */,
				8589FE942B384118008285A7 /* NavigationCostumizetionUITests.swift in Sources */,
			);
			runOnlyForDeploymentPostprocessing = 0;
		};
/* End PBXSourcesBuildPhase section */

/* Begin PBXTargetDependency section */
		8589FE872B384118008285A7 /* PBXTargetDependency */ = {
			isa = PBXTargetDependency;
			target = 8589FE6E2B384116008285A7 /* NavigationCostumizetion */;
			targetProxy = 8589FE862B384118008285A7 /* PBXContainerItemProxy */;
		};
		8589FE912B384118008285A7 /* PBXTargetDependency */ = {
			isa = PBXTargetDependency;
			target = 8589FE6E2B384116008285A7 /* NavigationCostumizetion */;
			targetProxy = 8589FE902B384118008285A7 /* PBXContainerItemProxy */;
		};
/* End PBXTargetDependency section */

/* Begin PBXVariantGroup section */
		8589FE782B384116008285A7 /* Main.storyboard */ = {
			isa = PBXVariantGroup;
			children = (
				8589FE792B384116008285A7 /* Base */,
			);
			name = Main.storyboard;
			sourceTree = "<group>";
		};
		8589FE7D2B384118008285A7 /* LaunchScreen.storyboard */ = {
			isa = PBXVariantGroup;
			children = (
				8589FE7E2B384118008285A7 /* Base */,
			);
			name = LaunchScreen.storyboard;
			sourceTree = "<group>";
		};
/* End PBXVariantGroup section */

/* Begin XCBuildConfiguration section */
		8589FE972B384119008285A7 /* Debug */ = {
			isa = XCBuildConfiguration;
			buildSettings = {
				ALWAYS_SEARCH_USER_PATHS = NO;
				ASSETCATALOG_COMPILER_GENERATE_SWIFT_ASSET_SYMBOL_EXTENSIONS = YES;
				CLANG_ANALYZER_NONNULL = YES;
				CLANG_ANALYZER_NUMBER_OBJECT_CONVERSION = YES_AGGRESSIVE;
				CLANG_CXX_LANGUAGE_STANDARD = "gnu++20";
				CLANG_ENABLE_MODULES = YES;
				CLANG_ENABLE_OBJC_ARC = YES;
				CLANG_ENABLE_OBJC_WEAK = YES;
				CLANG_WARN_BLOCK_CAPTURE_AUTORELEASING = YES;
				CLANG_WARN_BOOL_CONVERSION = YES;
				CLANG_WARN_COMMA = YES;
				CLANG_WARN_CONSTANT_CONVERSION = YES;
				CLANG_WARN_DEPRECATED_OBJC_IMPLEMENTATIONS = YES;
				CLANG_WARN_DIRECT_OBJC_ISA_USAGE = YES_ERROR;
				CLANG_WARN_DOCUMENTATION_COMMENTS = YES;
				CLANG_WARN_EMPTY_BODY = YES;
				CLANG_WARN_ENUM_CONVERSION = YES;
				CLANG_WARN_INFINITE_RECURSION = YES;
				CLANG_WARN_INT_CONVERSION = YES;
				CLANG_WARN_NON_LITERAL_NULL_CONVERSION = YES;
				CLANG_WARN_OBJC_IMPLICIT_RETAIN_SELF = YES;
				CLANG_WARN_OBJC_LITERAL_CONVERSION = YES;
				CLANG_WARN_OBJC_ROOT_CLASS = YES_ERROR;
				CLANG_WARN_QUOTED_INCLUDE_IN_FRAMEWORK_HEADER = YES;
				CLANG_WARN_RANGE_LOOP_ANALYSIS = YES;
				CLANG_WARN_STRICT_PROTOTYPES = YES;
				CLANG_WARN_SUSPICIOUS_MOVE = YES;
				CLANG_WARN_UNGUARDED_AVAILABILITY = YES_AGGRESSIVE;
				CLANG_WARN_UNREACHABLE_CODE = YES;
				CLANG_WARN__DUPLICATE_METHOD_MATCH = YES;
				COPY_PHASE_STRIP = NO;
				DEBUG_INFORMATION_FORMAT = dwarf;
				ENABLE_STRICT_OBJC_MSGSEND = YES;
				ENABLE_TESTABILITY = YES;
				ENABLE_USER_SCRIPT_SANDBOXING = YES;
				GCC_C_LANGUAGE_STANDARD = gnu17;
				GCC_DYNAMIC_NO_PIC = NO;
				GCC_NO_COMMON_BLOCKS = YES;
				GCC_OPTIMIZATION_LEVEL = 0;
				GCC_PREPROCESSOR_DEFINITIONS = (
					"DEBUG=1",
					"$(inherited)",
				);
				GCC_WARN_64_TO_32_BIT_CONVERSION = YES;
				GCC_WARN_ABOUT_RETURN_TYPE = YES_ERROR;
				GCC_WARN_UNDECLARED_SELECTOR = YES;
				GCC_WARN_UNINITIALIZED_AUTOS = YES_AGGRESSIVE;
				GCC_WARN_UNUSED_FUNCTION = YES;
				GCC_WARN_UNUSED_VARIABLE = YES;
				IPHONEOS_DEPLOYMENT_TARGET = 17.0;
				LOCALIZATION_PREFERS_STRING_CATALOGS = YES;
				MTL_ENABLE_DEBUG_INFO = INCLUDE_SOURCE;
				MTL_FAST_MATH = YES;
				ONLY_ACTIVE_ARCH = YES;
				SDKROOT = iphoneos;
				SWIFT_ACTIVE_COMPILATION_CONDITIONS = "DEBUG $(inherited)";
				SWIFT_OPTIMIZATION_LEVEL = "-Onone";
			};
			name = Debug;
		};
		8589FE982B384119008285A7 /* Release */ = {
			isa = XCBuildConfiguration;
			buildSettings = {
				ALWAYS_SEARCH_USER_PATHS = NO;
				ASSETCATALOG_COMPILER_GENERATE_SWIFT_ASSET_SYMBOL_EXTENSIONS = YES;
				CLANG_ANALYZER_NONNULL = YES;
				CLANG_ANALYZER_NUMBER_OBJECT_CONVERSION = YES_AGGRESSIVE;
				CLANG_CXX_LANGUAGE_STANDARD = "gnu++20";
				CLANG_ENABLE_MODULES = YES;
				CLANG_ENABLE_OBJC_ARC = YES;
				CLANG_ENABLE_OBJC_WEAK = YES;
				CLANG_WARN_BLOCK_CAPTURE_AUTORELEASING = YES;
				CLANG_WARN_BOOL_CONVERSION = YES;
				CLANG_WARN_COMMA = YES;
				CLANG_WARN_CONSTANT_CONVERSION = YES;
				CLANG_WARN_DEPRECATED_OBJC_IMPLEMENTATIONS = YES;
				CLANG_WARN_DIRECT_OBJC_ISA_USAGE = YES_ERROR;
				CLANG_WARN_DOCUMENTATION_COMMENTS = YES;
				CLANG_WARN_EMPTY_BODY = YES;
				CLANG_WARN_ENUM_CONVERSION = YES;
				CLANG_WARN_INFINITE_RECURSION = YES;
				CLANG_WARN_INT_CONVERSION = YES;
				CLANG_WARN_NON_LITERAL_NULL_CONVERSION = YES;
				CLANG_WARN_OBJC_IMPLICIT_RETAIN_SELF = YES;
				CLANG_WARN_OBJC_LITERAL_CONVERSION = YES;
				CLANG_WARN_OBJC_ROOT_CLASS = YES_ERROR;
				CLANG_WARN_QUOTED_INCLUDE_IN_FRAMEWORK_HEADER = YES;
				CLANG_WARN_RANGE_LOOP_ANALYSIS = YES;
				CLANG_WARN_STRICT_PROTOTYPES = YES;
				CLANG_WARN_SUSPICIOUS_MOVE = YES;
				CLANG_WARN_UNGUARDED_AVAILABILITY = YES_AGGRESSIVE;
				CLANG_WARN_UNREACHABLE_CODE = YES;
				CLANG_WARN__DUPLICATE_METHOD_MATCH = YES;
				COPY_PHASE_STRIP = NO;
				DEBUG_INFORMATION_FORMAT = "dwarf-with-dsym";
				ENABLE_NS_ASSERTIONS = NO;
				ENABLE_STRICT_OBJC_MSGSEND = YES;
				ENABLE_USER_SCRIPT_SANDBOXING = YES;
				GCC_C_LANGUAGE_STANDARD = gnu17;
				GCC_NO_COMMON_BLOCKS = YES;
				GCC_WARN_64_TO_32_BIT_CONVERSION = YES;
				GCC_WARN_ABOUT_RETURN_TYPE = YES_ERROR;
				GCC_WARN_UNDECLARED_SELECTOR = YES;
				GCC_WARN_UNINITIALIZED_AUTOS = YES_AGGRESSIVE;
				GCC_WARN_UNUSED_FUNCTION = YES;
				GCC_WARN_UNUSED_VARIABLE = YES;
				IPHONEOS_DEPLOYMENT_TARGET = 17.0;
				LOCALIZATION_PREFERS_STRING_CATALOGS = YES;
				MTL_ENABLE_DEBUG_INFO = NO;
				MTL_FAST_MATH = YES;
				SDKROOT = iphoneos;
				SWIFT_COMPILATION_MODE = wholemodule;
				VALIDATE_PRODUCT = YES;
			};
			name = Release;
		};
		8589FE9A2B384119008285A7 /* Debug */ = {
			isa = XCBuildConfiguration;
			buildSettings = {
				ASSETCATALOG_COMPILER_APPICON_NAME = AppIcon;
				ASSETCATALOG_COMPILER_GLOBAL_ACCENT_COLOR_NAME = AccentColor;
				CODE_SIGN_STYLE = Automatic;
				CURRENT_PROJECT_VERSION = 1;
				DEVELOPMENT_TEAM = GRNYRMUBZH;
				GENERATE_INFOPLIST_FILE = YES;
				INFOPLIST_FILE = NavigationCostumizetion/Info.plist;
				INFOPLIST_KEY_UIApplicationSupportsIndirectInputEvents = YES;
				INFOPLIST_KEY_UILaunchStoryboardName = LaunchScreen;
				INFOPLIST_KEY_UIMainStoryboardFile = Main;
				INFOPLIST_KEY_UISupportedInterfaceOrientations_iPad = "UIInterfaceOrientationPortrait UIInterfaceOrientationPortraitUpsideDown UIInterfaceOrientationLandscapeLeft UIInterfaceOrientationLandscapeRight";
				INFOPLIST_KEY_UISupportedInterfaceOrientations_iPhone = "UIInterfaceOrientationPortrait UIInterfaceOrientationLandscapeLeft UIInterfaceOrientationLandscapeRight";
				LD_RUNPATH_SEARCH_PATHS = (
					"$(inherited)",
					"@executable_path/Frameworks",
				);
				MARKETING_VERSION = 1.0;
				PRODUCT_BUNDLE_IDENTIFIER = Omer.NavigationCostumizetion;
				PRODUCT_NAME = "$(TARGET_NAME)";
				SWIFT_EMIT_LOC_STRINGS = YES;
				SWIFT_VERSION = 5.0;
				TARGETED_DEVICE_FAMILY = "1,2";
			};
			name = Debug;
		};
		8589FE9B2B384119008285A7 /* Release */ = {
			isa = XCBuildConfiguration;
			buildSettings = {
				ASSETCATALOG_COMPILER_APPICON_NAME = AppIcon;
				ASSETCATALOG_COMPILER_GLOBAL_ACCENT_COLOR_NAME = AccentColor;
				CODE_SIGN_STYLE = Automatic;
				CURRENT_PROJECT_VERSION = 1;
				DEVELOPMENT_TEAM = GRNYRMUBZH;
				GENERATE_INFOPLIST_FILE = YES;
				INFOPLIST_FILE = NavigationCostumizetion/Info.plist;
				INFOPLIST_KEY_UIApplicationSupportsIndirectInputEvents = YES;
				INFOPLIST_KEY_UILaunchStoryboardName = LaunchScreen;
				INFOPLIST_KEY_UIMainStoryboardFile = Main;
				INFOPLIST_KEY_UISupportedInterfaceOrientations_iPad = "UIInterfaceOrientationPortrait UIInterfaceOrientationPortraitUpsideDown UIInterfaceOrientationLandscapeLeft UIInterfaceOrientationLandscapeRight";
				INFOPLIST_KEY_UISupportedInterfaceOrientations_iPhone = "UIInterfaceOrientationPortrait UIInterfaceOrientationLandscapeLeft UIInterfaceOrientationLandscapeRight";
				LD_RUNPATH_SEARCH_PATHS = (
					"$(inherited)",
					"@executable_path/Frameworks",
				);
				MARKETING_VERSION = 1.0;
				PRODUCT_BUNDLE_IDENTIFIER = Omer.NavigationCostumizetion;
				PRODUCT_NAME = "$(TARGET_NAME)";
				SWIFT_EMIT_LOC_STRINGS = YES;
				SWIFT_VERSION = 5.0;
				TARGETED_DEVICE_FAMILY = "1,2";
			};
			name = Release;
		};
		8589FE9D2B384119008285A7 /* Debug */ = {
			isa = XCBuildConfiguration;
			buildSettings = {
				ALWAYS_EMBED_SWIFT_STANDARD_LIBRARIES = YES;
				BUNDLE_LOADER = "$(TEST_HOST)";
				CODE_SIGN_STYLE = Automatic;
				CURRENT_PROJECT_VERSION = 1;
				DEVELOPMENT_TEAM = GRNYRMUBZH;
				GENERATE_INFOPLIST_FILE = YES;
				IPHONEOS_DEPLOYMENT_TARGET = 17.0;
				MARKETING_VERSION = 1.0;
				PRODUCT_BUNDLE_IDENTIFIER = Omer.NavigationCostumizetionTests;
				PRODUCT_NAME = "$(TARGET_NAME)";
				SWIFT_EMIT_LOC_STRINGS = NO;
				SWIFT_VERSION = 5.0;
				TARGETED_DEVICE_FAMILY = "1,2";
				TEST_HOST = "$(BUILT_PRODUCTS_DIR)/NavigationCostumizetion.app/$(BUNDLE_EXECUTABLE_FOLDER_PATH)/NavigationCostumizetion";
			};
			name = Debug;
		};
		8589FE9E2B384119008285A7 /* Release */ = {
			isa = XCBuildConfiguration;
			buildSettings = {
				ALWAYS_EMBED_SWIFT_STANDARD_LIBRARIES = YES;
				BUNDLE_LOADER = "$(TEST_HOST)";
				CODE_SIGN_STYLE = Automatic;
				CURRENT_PROJECT_VERSION = 1;
				DEVELOPMENT_TEAM = GRNYRMUBZH;
				GENERATE_INFOPLIST_FILE = YES;
				IPHONEOS_DEPLOYMENT_TARGET = 17.0;
				MARKETING_VERSION = 1.0;
				PRODUCT_BUNDLE_IDENTIFIER = Omer.NavigationCostumizetionTests;
				PRODUCT_NAME = "$(TARGET_NAME)";
				SWIFT_EMIT_LOC_STRINGS = NO;
				SWIFT_VERSION = 5.0;
				TARGETED_DEVICE_FAMILY = "1,2";
				TEST_HOST = "$(BUILT_PRODUCTS_DIR)/NavigationCostumizetion.app/$(BUNDLE_EXECUTABLE_FOLDER_PATH)/NavigationCostumizetion";
			};
			name = Release;
		};
		8589FEA02B384119008285A7 /* Debug */ = {
			isa = XCBuildConfiguration;
			buildSettings = {
				ALWAYS_EMBED_SWIFT_STANDARD_LIBRARIES = YES;
				CODE_SIGN_STYLE = Automatic;
				CURRENT_PROJECT_VERSION = 1;
				DEVELOPMENT_TEAM = GRNYRMUBZH;
				GENERATE_INFOPLIST_FILE = YES;
				MARKETING_VERSION = 1.0;
				PRODUCT_BUNDLE_IDENTIFIER = Omer.NavigationCostumizetionUITests;
				PRODUCT_NAME = "$(TARGET_NAME)";
				SWIFT_EMIT_LOC_STRINGS = NO;
				SWIFT_VERSION = 5.0;
				TARGETED_DEVICE_FAMILY = "1,2";
				TEST_TARGET_NAME = NavigationCostumizetion;
			};
			name = Debug;
		};
		8589FEA12B384119008285A7 /* Release */ = {
			isa = XCBuildConfiguration;
			buildSettings = {
				ALWAYS_EMBED_SWIFT_STANDARD_LIBRARIES = YES;
				CODE_SIGN_STYLE = Automatic;
				CURRENT_PROJECT_VERSION = 1;
				DEVELOPMENT_TEAM = GRNYRMUBZH;
				GENERATE_INFOPLIST_FILE = YES;
				MARKETING_VERSION = 1.0;
				PRODUCT_BUNDLE_IDENTIFIER = Omer.NavigationCostumizetionUITests;
				PRODUCT_NAME = "$(TARGET_NAME)";
				SWIFT_EMIT_LOC_STRINGS = NO;
				SWIFT_VERSION = 5.0;
				TARGETED_DEVICE_FAMILY = "1,2";
				TEST_TARGET_NAME = NavigationCostumizetion;
			};
			name = Release;
		};
/* End XCBuildConfiguration section */

/* Begin XCConfigurationList section */
		8589FE6A2B384116008285A7 /* Build configuration list for PBXProject "NavigationCostumizetion" */ = {
			isa = XCConfigurationList;
			buildConfigurations = (
				8589FE972B384119008285A7 /* Debug */,
				8589FE982B384119008285A7 /* Release */,
			);
			defaultConfigurationIsVisible = 0;
			defaultConfigurationName = Release;
		};
		8589FE992B384119008285A7 /* Build configuration list for PBXNativeTarget "NavigationCostumizetion" */ = {
			isa = XCConfigurationList;
			buildConfigurations = (
				8589FE9A2B384119008285A7 /* Debug */,
				8589FE9B2B384119008285A7 /* Release */,
			);
			defaultConfigurationIsVisible = 0;
			defaultConfigurationName = Release;
		};
		8589FE9C2B384119008285A7 /* Build configuration list for PBXNativeTarget "NavigationCostumizetionTests" */ = {
			isa = XCConfigurationList;
			buildConfigurations = (
				8589FE9D2B384119008285A7 /* Debug */,
				8589FE9E2B384119008285A7 /* Release */,
			);
			defaultConfigurationIsVisible = 0;
			defaultConfigurationName = Release;
		};
		8589FE9F2B384119008285A7 /* Build configuration list for PBXNativeTarget "NavigationCostumizetionUITests" */ = {
			isa = XCConfigurationList;
			buildConfigurations = (
				8589FEA02B384119008285A7 /* Debug */,
				8589FEA12B384119008285A7 /* Release */,
			);
			defaultConfigurationIsVisible = 0;
			defaultConfigurationName = Release;
		};
/* End XCConfigurationList section */
	};
	rootObject = 8589FE672B384116008285A7 /* Project object */;
}
