// !$*UTF8*$!
{
	archiveVersion = 1;
	classes = {
	};
	objectVersion = 56;
	objects = {

/* Begin PBXBuildFile section */
		854FB22E2B67C8E600F43039 /* AppDelegate.swift in Sources */ = {isa = PBXBuildFile; fileRef = 854FB22D2B67C8E600F43039 /* AppDelegate.swift */; };
		854FB2302B67C8E600F43039 /* SceneDelegate.swift in Sources */ = {isa = PBXBuildFile; fileRef = 854FB22F2B67C8E600F43039 /* SceneDelegate.swift */; };
		854FB2322B67C8E600F43039 /* ViewController.swift in Sources */ = {isa = PBXBuildFile; fileRef = 854FB2312B67C8E600F43039 /* ViewController.swift */; };
		854FB2352B67C8E600F43039 /* Main.storyboard in Resources */ = {isa = PBXBuildFile; fileRef = 854FB2332B67C8E600F43039 /* Main.storyboard */; };
		854FB2372B67C8E800F43039 /* Assets.xcassets in Resources */ = {isa = PBXBuildFile; fileRef = 854FB2362B67C8E800F43039 /* Assets.xcassets */; };
		854FB23A2B67C8E800F43039 /* LaunchScreen.storyboard in Resources */ = {isa = PBXBuildFile; fileRef = 854FB2382B67C8E800F43039 /* LaunchScreen.storyboard */; };
		854FB2452B67C8E900F43039 /* Date_and_Time_PickerTests.swift in Sources */ = {isa = PBXBuildFile; fileRef = 854FB2442B67C8E900F43039 /* Date_and_Time_PickerTests.swift */; };
		854FB24F2B67C8E900F43039 /* Date_and_Time_PickerUITests.swift in Sources */ = {isa = PBXBuildFile; fileRef = 854FB24E2B67C8E900F43039 /* Date_and_Time_PickerUITests.swift */; };
		854FB2512B67C8E900F43039 /* Date_and_Time_PickerUITestsLaunchTests.swift in Sources */ = {isa = PBXBuildFile; fileRef = 854FB2502B67C8E900F43039 /* Date_and_Time_PickerUITestsLaunchTests.swift */; };
/* End PBXBuildFile section */

/* Begin PBXContainerItemProxy section */
		854FB2412B67C8E900F43039 /* PBXContainerItemProxy */ = {
			isa = PBXContainerItemProxy;
			containerPortal = 854FB2222B67C8E600F43039 /* Project object */;
			proxyType = 1;
			remoteGlobalIDString = 854FB2292B67C8E600F43039;
			remoteInfo = "Date and Time Picker";
		};
		854FB24B2B67C8E900F43039 /* PBXContainerItemProxy */ = {
			isa = PBXContainerItemProxy;
			containerPortal = 854FB2222B67C8E600F43039 /* Project object */;
			proxyType = 1;
			remoteGlobalIDString = 854FB2292B67C8E600F43039;
			remoteInfo = "Date and Time Picker";
		};
/* End PBXContainerItemProxy section */

/* Begin PBXFileReference section */
		854FB22A2B67C8E600F43039 /* Date and Time Picker.app */ = {isa = PBXFileReference; explicitFileType = wrapper.application; includeInIndex = 0; path = "Date and Time Picker.app"; sourceTree = BUILT_PRODUCTS_DIR; };
		854FB22D2B67C8E600F43039 /* AppDelegate.swift */ = {isa = PBXFileReference; lastKnownFileType = sourcecode.swift; path = AppDelegate.swift; sourceTree = "<group>"; };
		854FB22F2B67C8E600F43039 /* SceneDelegate.swift */ = {isa = PBXFileReference; lastKnownFileType = sourcecode.swift; path = SceneDelegate.swift; sourceTree = "<group>"; };
		854FB2312B67C8E600F43039 /* ViewController.swift */ = {isa = PBXFileReference; lastKnownFileType = sourcecode.swift; path = ViewController.swift; sourceTree = "<group>"; };
		854FB2342B67C8E600F43039 /* Base */ = {isa = PBXFileReference; lastKnownFileType = file.storyboard; name = Base; path = Base.lproj/Main.storyboard; sourceTree = "<group>"; };
		854FB2362B67C8E800F43039 /* Assets.xcassets */ = {isa = PBXFileReference; lastKnownFileType = folder.assetcatalog; path = Assets.xcassets; sourceTree = "<group>"; };
		854FB2392B67C8E800F43039 /* Base */ = {isa = PBXFileReference; lastKnownFileType = file.storyboard; name = Base; path = Base.lproj/LaunchScreen.storyboard; sourceTree = "<group>"; };
		854FB23B2B67C8E800F43039 /* Info.plist */ = {isa = PBXFileReference; lastKnownFileType = text.plist.xml; path = Info.plist; sourceTree = "<group>"; };
		854FB2402B67C8E900F43039 /* Date and Time PickerTests.xctest */ = {isa = PBXFileReference; explicitFileType = wrapper.cfbundle; includeInIndex = 0; path = "Date and Time PickerTests.xctest"; sourceTree = BUILT_PRODUCTS_DIR; };
		854FB2442B67C8E900F43039 /* Date_and_Time_PickerTests.swift */ = {isa = PBXFileReference; lastKnownFileType = sourcecode.swift; path = Date_and_Time_PickerTests.swift; sourceTree = "<group>"; };
		854FB24A2B67C8E900F43039 /* Date and Time PickerUITests.xctest */ = {isa = PBXFileReference; explicitFileType = wrapper.cfbundle; includeInIndex = 0; path = "Date and Time PickerUITests.xctest"; sourceTree = BUILT_PRODUCTS_DIR; };
		854FB24E2B67C8E900F43039 /* Date_and_Time_PickerUITests.swift */ = {isa = PBXFileReference; lastKnownFileType = sourcecode.swift; path = Date_and_Time_PickerUITests.swift; sourceTree = "<group>"; };
		854FB2502B67C8E900F43039 /* Date_and_Time_PickerUITestsLaunchTests.swift */ = {isa = PBXFileReference; lastKnownFileType = sourcecode.swift; path = Date_and_Time_PickerUITestsLaunchTests.swift; sourceTree = "<group>"; };
/* End PBXFileReference section */

/* Begin PBXFrameworksBuildPhase section */
		854FB2272B67C8E600F43039 /* Frameworks */ = {
			isa = PBXFrameworksBuildPhase;
			buildActionMask = 2147483647;
			files = (
			);
			runOnlyForDeploymentPostprocessing = 0;
		};
		854FB23D2B67C8E900F43039 /* Frameworks */ = {
			isa = PBXFrameworksBuildPhase;
			buildActionMask = 2147483647;
			files = (
			);
			runOnlyForDeploymentPostprocessing = 0;
		};
		854FB2472B67C8E900F43039 /* Frameworks */ = {
			isa = PBXFrameworksBuildPhase;
			buildActionMask = 2147483647;
			files = (
			);
			runOnlyForDeploymentPostprocessing = 0;
		};
/* End PBXFrameworksBuildPhase section */

/* Begin PBXGroup section */
		854FB2212B67C8E600F43039 = {
			isa = PBXGroup;
			children = (
				854FB22C2B67C8E600F43039 /* Date and Time Picker */,
				854FB2432B67C8E900F43039 /* Date and Time PickerTests */,
				854FB24D2B67C8E900F43039 /* Date and Time PickerUITests */,
				854FB22B2B67C8E600F43039 /* Products */,
			);
			sourceTree = "<group>";
		};
		854FB22B2B67C8E600F43039 /* Products */ = {
			isa = PBXGroup;
			children = (
				854FB22A2B67C8E600F43039 /* Date and Time Picker.app */,
				854FB2402B67C8E900F43039 /* Date and Time PickerTests.xctest */,
				854FB24A2B67C8E900F43039 /* Date and Time PickerUITests.xctest */,
			);
			name = Products;
			sourceTree = "<group>";
		};
		854FB22C2B67C8E600F43039 /* Date and Time Picker */ = {
			isa = PBXGroup;
			children = (
				854FB22D2B67C8E600F43039 /* AppDelegate.swift */,
				854FB22F2B67C8E600F43039 /* SceneDelegate.swift */,
				854FB2312B67C8E600F43039 /* ViewController.swift */,
				854FB2332B67C8E600F43039 /* Main.storyboard */,
				854FB2362B67C8E800F43039 /* Assets.xcassets */,
				854FB2382B67C8E800F43039 /* LaunchScreen.storyboard */,
				854FB23B2B67C8E800F43039 /* Info.plist */,
			);
			path = "Date and Time Picker";
			sourceTree = "<group>";
		};
		854FB2432B67C8E900F43039 /* Date and Time PickerTests */ = {
			isa = PBXGroup;
			children = (
				854FB2442B67C8E900F43039 /* Date_and_Time_PickerTests.swift */,
			);
			path = "Date and Time PickerTests";
			sourceTree = "<group>";
		};
		854FB24D2B67C8E900F43039 /* Date and Time PickerUITests */ = {
			isa = PBXGroup;
			children = (
				854FB24E2B67C8E900F43039 /* Date_and_Time_PickerUITests.swift */,
				854FB2502B67C8E900F43039 /* Date_and_Time_PickerUITestsLaunchTests.swift */,
			);
			path = "Date and Time PickerUITests";
			sourceTree = "<group>";
		};
/* End PBXGroup section */

/* Begin PBXNativeTarget section */
		854FB2292B67C8E600F43039 /* Date and Time Picker */ = {
			isa = PBXNativeTarget;
			buildConfigurationList = 854FB2542B67C8E900F43039 /* Build configuration list for PBXNativeTarget "Date and Time Picker" */;
			buildPhases = (
				854FB2262B67C8E600F43039 /* Sources */,
				854FB2272B67C8E600F43039 /* Frameworks */,
				854FB2282B67C8E600F43039 /* Resources */,
			);
			buildRules = (
			);
			dependencies = (
			);
			name = "Date and Time Picker";
			productName = "Date and Time Picker";
			productReference = 854FB22A2B67C8E600F43039 /* Date and Time Picker.app */;
			productType = "com.apple.product-type.application";
		};
		854FB23F2B67C8E900F43039 /* Date and Time PickerTests */ = {
			isa = PBXNativeTarget;
			buildConfigurationList = 854FB2572B67C8E900F43039 /* Build configuration list for PBXNativeTarget "Date and Time PickerTests" */;
			buildPhases = (
				854FB23C2B67C8E900F43039 /* Sources */,
				854FB23D2B67C8E900F43039 /* Frameworks */,
				854FB23E2B67C8E900F43039 /* Resources */,
			);
			buildRules = (
			);
			dependencies = (
				854FB2422B67C8E900F43039 /* PBXTargetDependency */,
			);
			name = "Date and Time PickerTests";
			productName = "Date and Time PickerTests";
			productReference = 854FB2402B67C8E900F43039 /* Date and Time PickerTests.xctest */;
			productType = "com.apple.product-type.bundle.unit-test";
		};
		854FB2492B67C8E900F43039 /* Date and Time PickerUITests */ = {
			isa = PBXNativeTarget;
			buildConfigurationList = 854FB25A2B67C8E900F43039 /* Build configuration list for PBXNativeTarget "Date and Time PickerUITests" */;
			buildPhases = (
				854FB2462B67C8E900F43039 /* Sources */,
				854FB2472B67C8E900F43039 /* Frameworks */,
				854FB2482B67C8E900F43039 /* Resources */,
			);
			buildRules = (
			);
			dependencies = (
				854FB24C2B67C8E900F43039 /* PBXTargetDependency */,
			);
			name = "Date and Time PickerUITests";
			productName = "Date and Time PickerUITests";
			productReference = 854FB24A2B67C8E900F43039 /* Date and Time PickerUITests.xctest */;
			productType = "com.apple.product-type.bundle.ui-testing";
		};
/* End PBXNativeTarget section */

/* Begin PBXProject section */
		854FB2222B67C8E600F43039 /* Project object */ = {
			isa = PBXProject;
			attributes = {
				BuildIndependentTargetsInParallel = 1;
				LastSwiftUpdateCheck = 1500;
				LastUpgradeCheck = 1500;
				TargetAttributes = {
					854FB2292B67C8E600F43039 = {
						CreatedOnToolsVersion = 15.0.1;
					};
					854FB23F2B67C8E900F43039 = {
						CreatedOnToolsVersion = 15.0.1;
						TestTargetID = 854FB2292B67C8E600F43039;
					};
					854FB2492B67C8E900F43039 = {
						CreatedOnToolsVersion = 15.0.1;
						TestTargetID = 854FB2292B67C8E600F43039;
					};
				};
			};
			buildConfigurationList = 854FB2252B67C8E600F43039 /* Build configuration list for PBXProject "Date and Time Picker" */;
			compatibilityVersion = "Xcode 14.0";
			developmentRegion = en;
			hasScannedForEncodings = 0;
			knownRegions = (
				en,
				Base,
			);
			mainGroup = 854FB2212B67C8E600F43039;
			productRefGroup = 854FB22B2B67C8E600F43039 /* Products */;
			projectDirPath = "";
			projectRoot = "";
			targets = (
				854FB2292B67C8E600F43039 /* Date and Time Picker */,
				854FB23F2B67C8E900F43039 /* Date and Time PickerTests */,
				854FB2492B67C8E900F43039 /* Date and Time PickerUITests */,
			);
		};
/* End PBXProject section */

/* Begin PBXResourcesBuildPhase section */
		854FB2282B67C8E600F43039 /* Resources */ = {
			isa = PBXResourcesBuildPhase;
			buildActionMask = 2147483647;
			files = (
				854FB23A2B67C8E800F43039 /* LaunchScreen.storyboard in Resources */,
				854FB2372B67C8E800F43039 /* Assets.xcassets in Resources */,
				854FB2352B67C8E600F43039 /* Main.storyboard in Resources */,
			);
			runOnlyForDeploymentPostprocessing = 0;
		};
		854FB23E2B67C8E900F43039 /* Resources */ = {
			isa = PBXResourcesBuildPhase;
			buildActionMask = 2147483647;
			files = (
			);
			runOnlyForDeploymentPostprocessing = 0;
		};
		854FB2482B67C8E900F43039 /* Resources */ = {
			isa = PBXResourcesBuildPhase;
			buildActionMask = 2147483647;
			files = (
			);
			runOnlyForDeploymentPostprocessing = 0;
		};
/* End PBXResourcesBuildPhase section */

/* Begin PBXSourcesBuildPhase section */
		854FB2262B67C8E600F43039 /* Sources */ = {
			isa = PBXSourcesBuildPhase;
			buildActionMask = 2147483647;
			files = (
				854FB2322B67C8E600F43039 /* ViewController.swift in Sources */,
				854FB22E2B67C8E600F43039 /* AppDelegate.swift in Sources */,
				854FB2302B67C8E600F43039 /* SceneDelegate.swift in Sources */,
			);
			runOnlyForDeploymentPostprocessing = 0;
		};
		854FB23C2B67C8E900F43039 /* Sources */ = {
			isa = PBXSourcesBuildPhase;
			buildActionMask = 2147483647;
			files = (
				854FB2452B67C8E900F43039 /* Date_and_Time_PickerTests.swift in Sources */,
			);
			runOnlyForDeploymentPostprocessing = 0;
		};
		854FB2462B67C8E900F43039 /* Sources */ = {
			isa = PBXSourcesBuildPhase;
			buildActionMask = 2147483647;
			files = (
				854FB24F2B67C8E900F43039 /* Date_and_Time_PickerUITests.swift in Sources */,
				854FB2512B67C8E900F43039 /* Date_and_Time_PickerUITestsLaunchTests.swift in Sources */,
			);
			runOnlyForDeploymentPostprocessing = 0;
		};
/* End PBXSourcesBuildPhase section */

/* Begin PBXTargetDependency section */
		854FB2422B67C8E900F43039 /* PBXTargetDependency */ = {
			isa = PBXTargetDependency;
			target = 854FB2292B67C8E600F43039 /* Date and Time Picker */;
			targetProxy = 854FB2412B67C8E900F43039 /* PBXContainerItemProxy */;
		};
		854FB24C2B67C8E900F43039 /* PBXTargetDependency */ = {
			isa = PBXTargetDependency;
			target = 854FB2292B67C8E600F43039 /* Date and Time Picker */;
			targetProxy = 854FB24B2B67C8E900F43039 /* PBXContainerItemProxy */;
		};
/* End PBXTargetDependency section */

/* Begin PBXVariantGroup section */
		854FB2332B67C8E600F43039 /* Main.storyboard */ = {
			isa = PBXVariantGroup;
			children = (
				854FB2342B67C8E600F43039 /* Base */,
			);
			name = Main.storyboard;
			sourceTree = "<group>";
		};
		854FB2382B67C8E800F43039 /* LaunchScreen.storyboard */ = {
			isa = PBXVariantGroup;
			children = (
				854FB2392B67C8E800F43039 /* Base */,
			);
			name = LaunchScreen.storyboard;
			sourceTree = "<group>";
		};
/* End PBXVariantGroup section */

/* Begin XCBuildConfiguration section */
		854FB2522B67C8E900F43039 /* Debug */ = {
			isa = XCBuildConfiguration;
			buildSettings = {
				ALWAYS_SEARCH_USER_PATHS = NO;
				ASSETCATALOG_COMPILER_GENERATE_SWIFT_ASSET_SYMBOL_EXTENSIONS = YES;
				CLANG_ANALYZER_NONNULL = YES;
				CLANG_ANALYZER_NUMBER_OBJECT_CONVERSION = YES_AGGRESSIVE;
				CLANG_CXX_LANGUAGE_STANDARD = "gnu++20";
				CLANG_ENABLE_MODULES = YES;
				CLANG_ENABLE_OBJC_ARC = YES;
				CLANG_ENABLE_OBJC_WEAK = YES;
				CLANG_WARN_BLOCK_CAPTURE_AUTORELEASING = YES;
				CLANG_WARN_BOOL_CONVERSION = YES;
				CLANG_WARN_COMMA = YES;
				CLANG_WARN_CONSTANT_CONVERSION = YES;
				CLANG_WARN_DEPRECATED_OBJC_IMPLEMENTATIONS = YES;
				CLANG_WARN_DIRECT_OBJC_ISA_USAGE = YES_ERROR;
				CLANG_WARN_DOCUMENTATION_COMMENTS = YES;
				CLANG_WARN_EMPTY_BODY = YES;
				CLANG_WARN_ENUM_CONVERSION = YES;
				CLANG_WARN_INFINITE_RECURSION = YES;
				CLANG_WARN_INT_CONVERSION = YES;
				CLANG_WARN_NON_LITERAL_NULL_CONVERSION = YES;
				CLANG_WARN_OBJC_IMPLICIT_RETAIN_SELF = YES;
				CLANG_WARN_OBJC_LITERAL_CONVERSION = YES;
				CLANG_WARN_OBJC_ROOT_CLASS = YES_ERROR;
				CLANG_WARN_QUOTED_INCLUDE_IN_FRAMEWORK_HEADER = YES;
				CLANG_WARN_RANGE_LOOP_ANALYSIS = YES;
				CLANG_WARN_STRICT_PROTOTYPES = YES;
				CLANG_WARN_SUSPICIOUS_MOVE = YES;
				CLANG_WARN_UNGUARDED_AVAILABILITY = YES_AGGRESSIVE;
				CLANG_WARN_UNREACHABLE_CODE = YES;
				CLANG_WARN__DUPLICATE_METHOD_MATCH = YES;
				COPY_PHASE_STRIP = NO;
				DEBUG_INFORMATION_FORMAT = dwarf;
				ENABLE_STRICT_OBJC_MSGSEND = YES;
				ENABLE_TESTABILITY = YES;
				ENABLE_USER_SCRIPT_SANDBOXING = YES;
				GCC_C_LANGUAGE_STANDARD = gnu17;
				GCC_DYNAMIC_NO_PIC = NO;
				GCC_NO_COMMON_BLOCKS = YES;
				GCC_OPTIMIZATION_LEVEL = 0;
				GCC_PREPROCESSOR_DEFINITIONS = (
					"DEBUG=1",
					"$(inherited)",
				);
				GCC_WARN_64_TO_32_BIT_CONVERSION = YES;
				GCC_WARN_ABOUT_RETURN_TYPE = YES_ERROR;
				GCC_WARN_UNDECLARED_SELECTOR = YES;
				GCC_WARN_UNINITIALIZED_AUTOS = YES_AGGRESSIVE;
				GCC_WARN_UNUSED_FUNCTION = YES;
				GCC_WARN_UNUSED_VARIABLE = YES;
				IPHONEOS_DEPLOYMENT_TARGET = 17.0;
				LOCALIZATION_PREFERS_STRING_CATALOGS = YES;
				MTL_ENABLE_DEBUG_INFO = INCLUDE_SOURCE;
				MTL_FAST_MATH = YES;
				ONLY_ACTIVE_ARCH = YES;
				SDKROOT = iphoneos;
				SWIFT_ACTIVE_COMPILATION_CONDITIONS = "DEBUG $(inherited)";
				SWIFT_OPTIMIZATION_LEVEL = "-Onone";
			};
			name = Debug;
		};
		854FB2532B67C8E900F43039 /* Release */ = {
			isa = XCBuildConfiguration;
			buildSettings = {
				ALWAYS_SEARCH_USER_PATHS = NO;
				ASSETCATALOG_COMPILER_GENERATE_SWIFT_ASSET_SYMBOL_EXTENSIONS = YES;
				CLANG_ANALYZER_NONNULL = YES;
				CLANG_ANALYZER_NUMBER_OBJECT_CONVERSION = YES_AGGRESSIVE;
				CLANG_CXX_LANGUAGE_STANDARD = "gnu++20";
				CLANG_ENABLE_MODULES = YES;
				CLANG_ENABLE_OBJC_ARC = YES;
				CLANG_ENABLE_OBJC_WEAK = YES;
				CLANG_WARN_BLOCK_CAPTURE_AUTORELEASING = YES;
				CLANG_WARN_BOOL_CONVERSION = YES;
				CLANG_WARN_COMMA = YES;
				CLANG_WARN_CONSTANT_CONVERSION = YES;
				CLANG_WARN_DEPRECATED_OBJC_IMPLEMENTATIONS = YES;
				CLANG_WARN_DIRECT_OBJC_ISA_USAGE = YES_ERROR;
				CLANG_WARN_DOCUMENTATION_COMMENTS = YES;
				CLANG_WARN_EMPTY_BODY = YES;
				CLANG_WARN_ENUM_CONVERSION = YES;
				CLANG_WARN_INFINITE_RECURSION = YES;
				CLANG_WARN_INT_CONVERSION = YES;
				CLANG_WARN_NON_LITERAL_NULL_CONVERSION = YES;
				CLANG_WARN_OBJC_IMPLICIT_RETAIN_SELF = YES;
				CLANG_WARN_OBJC_LITERAL_CONVERSION = YES;
				CLANG_WARN_OBJC_ROOT_CLASS = YES_ERROR;
				CLANG_WARN_QUOTED_INCLUDE_IN_FRAMEWORK_HEADER = YES;
				CLANG_WARN_RANGE_LOOP_ANALYSIS = YES;
				CLANG_WARN_STRICT_PROTOTYPES = YES;
				CLANG_WARN_SUSPICIOUS_MOVE = YES;
				CLANG_WARN_UNGUARDED_AVAILABILITY = YES_AGGRESSIVE;
				CLANG_WARN_UNREACHABLE_CODE = YES;
				CLANG_WARN__DUPLICATE_METHOD_MATCH = YES;
				COPY_PHASE_STRIP = NO;
				DEBUG_INFORMATION_FORMAT = "dwarf-with-dsym";
				ENABLE_NS_ASSERTIONS = NO;
				ENABLE_STRICT_OBJC_MSGSEND = YES;
				ENABLE_USER_SCRIPT_SANDBOXING = YES;
				GCC_C_LANGUAGE_STANDARD = gnu17;
				GCC_NO_COMMON_BLOCKS = YES;
				GCC_WARN_64_TO_32_BIT_CONVERSION = YES;
				GCC_WARN_ABOUT_RETURN_TYPE = YES_ERROR;
				GCC_WARN_UNDECLARED_SELECTOR = YES;
				GCC_WARN_UNINITIALIZED_AUTOS = YES_AGGRESSIVE;
				GCC_WARN_UNUSED_FUNCTION = YES;
				GCC_WARN_UNUSED_VARIABLE = YES;
				IPHONEOS_DEPLOYMENT_TARGET = 17.0;
				LOCALIZATION_PREFERS_STRING_CATALOGS = YES;
				MTL_ENABLE_DEBUG_INFO = NO;
				MTL_FAST_MATH = YES;
				SDKROOT = iphoneos;
				SWIFT_COMPILATION_MODE = wholemodule;
				VALIDATE_PRODUCT = YES;
			};
			name = Release;
		};
		854FB2552B67C8E900F43039 /* Debug */ = {
			isa = XCBuildConfiguration;
			buildSettings = {
				ASSETCATALOG_COMPILER_APPICON_NAME = AppIcon;
				ASSETCATALOG_COMPILER_GLOBAL_ACCENT_COLOR_NAME = AccentColor;
				CODE_SIGN_STYLE = Automatic;
				CURRENT_PROJECT_VERSION = 1;
				DEVELOPMENT_TEAM = GRNYRMUBZH;
				GENERATE_INFOPLIST_FILE = YES;
				INFOPLIST_FILE = "Date and Time Picker/Info.plist";
				INFOPLIST_KEY_UIApplicationSupportsIndirectInputEvents = YES;
				INFOPLIST_KEY_UILaunchStoryboardName = LaunchScreen;
				INFOPLIST_KEY_UIMainStoryboardFile = Main;
				INFOPLIST_KEY_UISupportedInterfaceOrientations_iPad = "UIInterfaceOrientationPortrait UIInterfaceOrientationPortraitUpsideDown UIInterfaceOrientationLandscapeLeft UIInterfaceOrientationLandscapeRight";
				INFOPLIST_KEY_UISupportedInterfaceOrientations_iPhone = "UIInterfaceOrientationPortrait UIInterfaceOrientationLandscapeLeft UIInterfaceOrientationLandscapeRight";
				LD_RUNPATH_SEARCH_PATHS = (
					"$(inherited)",
					"@executable_path/Frameworks",
				);
				MARKETING_VERSION = 1.0;
				PRODUCT_BUNDLE_IDENTIFIER = "Omer.Date-and-Time-Picker";
				PRODUCT_NAME = "$(TARGET_NAME)";
				SWIFT_EMIT_LOC_STRINGS = YES;
				SWIFT_VERSION = 5.0;
				TARGETED_DEVICE_FAMILY = "1,2";
			};
			name = Debug;
		};
		854FB2562B67C8E900F43039 /* Release */ = {
			isa = XCBuildConfiguration;
			buildSettings = {
				ASSETCATALOG_COMPILER_APPICON_NAME = AppIcon;
				ASSETCATALOG_COMPILER_GLOBAL_ACCENT_COLOR_NAME = AccentColor;
				CODE_SIGN_STYLE = Automatic;
				CURRENT_PROJECT_VERSION = 1;
				DEVELOPMENT_TEAM = GRNYRMUBZH;
				GENERATE_INFOPLIST_FILE = YES;
				INFOPLIST_FILE = "Date and Time Picker/Info.plist";
				INFOPLIST_KEY_UIApplicationSupportsIndirectInputEvents = YES;
				INFOPLIST_KEY_UILaunchStoryboardName = LaunchScreen;
				INFOPLIST_KEY_UIMainStoryboardFile = Main;
				INFOPLIST_KEY_UISupportedInterfaceOrientations_iPad = "UIInterfaceOrientationPortrait UIInterfaceOrientationPortraitUpsideDown UIInterfaceOrientationLandscapeLeft UIInterfaceOrientationLandscapeRight";
				INFOPLIST_KEY_UISupportedInterfaceOrientations_iPhone = "UIInterfaceOrientationPortrait UIInterfaceOrientationLandscapeLeft UIInterfaceOrientationLandscapeRight";
				LD_RUNPATH_SEARCH_PATHS = (
					"$(inherited)",
					"@executable_path/Frameworks",
				);
				MARKETING_VERSION = 1.0;
				PRODUCT_BUNDLE_IDENTIFIER = "Omer.Date-and-Time-Picker";
				PRODUCT_NAME = "$(TARGET_NAME)";
				SWIFT_EMIT_LOC_STRINGS = YES;
				SWIFT_VERSION = 5.0;
				TARGETED_DEVICE_FAMILY = "1,2";
			};
			name = Release;
		};
		854FB2582B67C8E900F43039 /* Debug */ = {
			isa = XCBuildConfiguration;
			buildSettings = {
				ALWAYS_EMBED_SWIFT_STANDARD_LIBRARIES = YES;
				BUNDLE_LOADER = "$(TEST_HOST)";
				CODE_SIGN_STYLE = Automatic;
				CURRENT_PROJECT_VERSION = 1;
				DEVELOPMENT_TEAM = GRNYRMUBZH;
				GENERATE_INFOPLIST_FILE = YES;
				IPHONEOS_DEPLOYMENT_TARGET = 17.0;
				MARKETING_VERSION = 1.0;
				PRODUCT_BUNDLE_IDENTIFIER = "Omer.Date-and-Time-PickerTests";
				PRODUCT_NAME = "$(TARGET_NAME)";
				SWIFT_EMIT_LOC_STRINGS = NO;
				SWIFT_VERSION = 5.0;
				TARGETED_DEVICE_FAMILY = "1,2";
				TEST_HOST = "$(BUILT_PRODUCTS_DIR)/Date and Time Picker.app/$(BUNDLE_EXECUTABLE_FOLDER_PATH)/Date and Time Picker";
			};
			name = Debug;
		};
		854FB2592B67C8E900F43039 /* Release */ = {
			isa = XCBuildConfiguration;
			buildSettings = {
				ALWAYS_EMBED_SWIFT_STANDARD_LIBRARIES = YES;
				BUNDLE_LOADER = "$(TEST_HOST)";
				CODE_SIGN_STYLE = Automatic;
				CURRENT_PROJECT_VERSION = 1;
				DEVELOPMENT_TEAM = GRNYRMUBZH;
				GENERATE_INFOPLIST_FILE = YES;
				IPHONEOS_DEPLOYMENT_TARGET = 17.0;
				MARKETING_VERSION = 1.0;
				PRODUCT_BUNDLE_IDENTIFIER = "Omer.Date-and-Time-PickerTests";
				PRODUCT_NAME = "$(TARGET_NAME)";
				SWIFT_EMIT_LOC_STRINGS = NO;
				SWIFT_VERSION = 5.0;
				TARGETED_DEVICE_FAMILY = "1,2";
				TEST_HOST = "$(BUILT_PRODUCTS_DIR)/Date and Time Picker.app/$(BUNDLE_EXECUTABLE_FOLDER_PATH)/Date and Time Picker";
			};
			name = Release;
		};
		854FB25B2B67C8E900F43039 /* Debug */ = {
			isa = XCBuildConfiguration;
			buildSettings = {
				ALWAYS_EMBED_SWIFT_STANDARD_LIBRARIES = YES;
				CODE_SIGN_STYLE = Automatic;
				CURRENT_PROJECT_VERSION = 1;
				DEVELOPMENT_TEAM = GRNYRMUBZH;
				GENERATE_INFOPLIST_FILE = YES;
				MARKETING_VERSION = 1.0;
				PRODUCT_BUNDLE_IDENTIFIER = "Omer.Date-and-Time-PickerUITests";
				PRODUCT_NAME = "$(TARGET_NAME)";
				SWIFT_EMIT_LOC_STRINGS = NO;
				SWIFT_VERSION = 5.0;
				TARGETED_DEVICE_FAMILY = "1,2";
				TEST_TARGET_NAME = "Date and Time Picker";
			};
			name = Debug;
		};
		854FB25C2B67C8E900F43039 /* Release */ = {
			isa = XCBuildConfiguration;
			buildSettings = {
				ALWAYS_EMBED_SWIFT_STANDARD_LIBRARIES = YES;
				CODE_SIGN_STYLE = Automatic;
				CURRENT_PROJECT_VERSION = 1;
				DEVELOPMENT_TEAM = GRNYRMUBZH;
				GENERATE_INFOPLIST_FILE = YES;
				MARKETING_VERSION = 1.0;
				PRODUCT_BUNDLE_IDENTIFIER = "Omer.Date-and-Time-PickerUITests";
				PRODUCT_NAME = "$(TARGET_NAME)";
				SWIFT_EMIT_LOC_STRINGS = NO;
				SWIFT_VERSION = 5.0;
				TARGETED_DEVICE_FAMILY = "1,2";
				TEST_TARGET_NAME = "Date and Time Picker";
			};
			name = Release;
		};
/* End XCBuildConfiguration section */

/* Begin XCConfigurationList section */
		854FB2252B67C8E600F43039 /* Build configuration list for PBXProject "Date and Time Picker" */ = {
			isa = XCConfigurationList;
			buildConfigurations = (
				854FB2522B67C8E900F43039 /* Debug */,
				854FB2532B67C8E900F43039 /* Release */,
			);
			defaultConfigurationIsVisible = 0;
			defaultConfigurationName = Release;
		};
		854FB2542B67C8E900F43039 /* Build configuration list for PBXNativeTarget "Date and Time Picker" */ = {
			isa = XCConfigurationList;
			buildConfigurations = (
				854FB2552B67C8E900F43039 /* Debug */,
				854FB2562B67C8E900F43039 /* Release */,
			);
			defaultConfigurationIsVisible = 0;
			defaultConfigurationName = Release;
		};
		854FB2572B67C8E900F43039 /* Build configuration list for PBXNativeTarget "Date and Time PickerTests" */ = {
			isa = XCConfigurationList;
			buildConfigurations = (
				854FB2582B67C8E900F43039 /* Debug */,
				854FB2592B67C8E900F43039 /* Release */,
			);
			defaultConfigurationIsVisible = 0;
			defaultConfigurationName = Release;
		};
		854FB25A2B67C8E900F43039 /* Build configuration list for PBXNativeTarget "Date and Time PickerUITests" */ = {
			isa = XCConfigurationList;
			buildConfigurations = (
				854FB25B2B67C8E900F43039 /* Debug */,
				854FB25C2B67C8E900F43039 /* Release */,
			);
			defaultConfigurationIsVisible = 0;
			defaultConfigurationName = Release;
		};
/* End XCConfigurationList section */
	};
	rootObject = 854FB2222B67C8E600F43039 /* Project object */;
}
