// !$*UTF8*$!
{
	archiveVersion = 1;
	classes = {
	};
	objectVersion = 56;
	objects = {

/* Begin PBXBuildFile section */
		8589FD772B3721F1008285A7 /* AppDelegate.swift in Sources */ = {isa = PBXBuildFile; fileRef = 8589FD762B3721F1008285A7 /* AppDelegate.swift */; };
		8589FD792B3721F1008285A7 /* SceneDelegate.swift in Sources */ = {isa = PBXBuildFile; fileRef = 8589FD782B3721F1008285A7 /* SceneDelegate.swift */; };
		8589FD7B2B3721F1008285A7 /* ViewController.swift in Sources */ = {isa = PBXBuildFile; fileRef = 8589FD7A2B3721F1008285A7 /* ViewController.swift */; };
		8589FD7E2B3721F1008285A7 /* Main.storyboard in Resources */ = {isa = PBXBuildFile; fileRef = 8589FD7C2B3721F1008285A7 /* Main.storyboard */; };
		8589FD802B3721F3008285A7 /* Assets.xcassets in Resources */ = {isa = PBXBuildFile; fileRef = 8589FD7F2B3721F3008285A7 /* Assets.xcassets */; };
		8589FD832B3721F3008285A7 /* LaunchScreen.storyboard in Resources */ = {isa = PBXBuildFile; fileRef = 8589FD812B3721F3008285A7 /* LaunchScreen.storyboard */; };
		8589FD8E2B3721F3008285A7 /* Sayfalar_Aras__Gec_is_Tests.swift in Sources */ = {isa = PBXBuildFile; fileRef = 8589FD8D2B3721F3008285A7 /* Sayfalar_Aras__Gec_is_Tests.swift */; };
		8589FD982B3721F3008285A7 /* Sayfalar_Aras__Gec_is_UITests.swift in Sources */ = {isa = PBXBuildFile; fileRef = 8589FD972B3721F3008285A7 /* Sayfalar_Aras__Gec_is_UITests.swift */; };
		8589FD9A2B3721F3008285A7 /* Sayfalar_Aras__Gec_is_UITestsLaunchTests.swift in Sources */ = {isa = PBXBuildFile; fileRef = 8589FD992B3721F3008285A7 /* Sayfalar_Aras__Gec_is_UITestsLaunchTests.swift */; };
		8589FDA72B372225008285A7 /* ViewController2.swift in Sources */ = {isa = PBXBuildFile; fileRef = 8589FDA62B372225008285A7 /* ViewController2.swift */; };
/* End PBXBuildFile section */

/* Begin PBXContainerItemProxy section */
		8589FD8A2B3721F3008285A7 /* PBXContainerItemProxy */ = {
			isa = PBXContainerItemProxy;
			containerPortal = 8589FD6B2B3721F1008285A7 /* Project object */;
			proxyType = 1;
			remoteGlobalIDString = 8589FD722B3721F1008285A7;
			remoteInfo = "Sayfalar Arası Geçiş";
		};
		8589FD942B3721F3008285A7 /* PBXContainerItemProxy */ = {
			isa = PBXContainerItemProxy;
			containerPortal = 8589FD6B2B3721F1008285A7 /* Project object */;
			proxyType = 1;
			remoteGlobalIDString = 8589FD722B3721F1008285A7;
			remoteInfo = "Sayfalar Arası Geçiş";
		};
/* End PBXContainerItemProxy section */

/* Begin PBXFileReference section */
		8589FD732B3721F1008285A7 /* Sayfalar Arası Geçiş.app */ = {isa = PBXFileReference; explicitFileType = wrapper.application; includeInIndex = 0; path = "Sayfalar Arası Geçiş.app"; sourceTree = BUILT_PRODUCTS_DIR; };
		8589FD762B3721F1008285A7 /* AppDelegate.swift */ = {isa = PBXFileReference; lastKnownFileType = sourcecode.swift; path = AppDelegate.swift; sourceTree = "<group>"; };
		8589FD782B3721F1008285A7 /* SceneDelegate.swift */ = {isa = PBXFileReference; lastKnownFileType = sourcecode.swift; path = SceneDelegate.swift; sourceTree = "<group>"; };
		8589FD7A2B3721F1008285A7 /* ViewController.swift */ = {isa = PBXFileReference; lastKnownFileType = sourcecode.swift; path = ViewController.swift; sourceTree = "<group>"; };
		8589FD7D2B3721F1008285A7 /* Base */ = {isa = PBXFileReference; lastKnownFileType = file.storyboard; name = Base; path = Base.lproj/Main.storyboard; sourceTree = "<group>"; };
		8589FD7F2B3721F3008285A7 /* Assets.xcassets */ = {isa = PBXFileReference; lastKnownFileType = folder.assetcatalog; path = Assets.xcassets; sourceTree = "<group>"; };
		8589FD822B3721F3008285A7 /* Base */ = {isa = PBXFileReference; lastKnownFileType = file.storyboard; name = Base; path = Base.lproj/LaunchScreen.storyboard; sourceTree = "<group>"; };
		8589FD842B3721F3008285A7 /* Info.plist */ = {isa = PBXFileReference; lastKnownFileType = text.plist.xml; path = Info.plist; sourceTree = "<group>"; };
		8589FD892B3721F3008285A7 /* Sayfalar Arası GeçişTests.xctest */ = {isa = PBXFileReference; explicitFileType = wrapper.cfbundle; includeInIndex = 0; path = "Sayfalar Arası GeçişTests.xctest"; sourceTree = BUILT_PRODUCTS_DIR; };
		8589FD8D2B3721F3008285A7 /* Sayfalar_Aras__Gec_is_Tests.swift */ = {isa = PBXFileReference; lastKnownFileType = sourcecode.swift; path = Sayfalar_Aras__Gec_is_Tests.swift; sourceTree = "<group>"; };
		8589FD932B3721F3008285A7 /* Sayfalar Arası GeçişUITests.xctest */ = {isa = PBXFileReference; explicitFileType = wrapper.cfbundle; includeInIndex = 0; path = "Sayfalar Arası GeçişUITests.xctest"; sourceTree = BUILT_PRODUCTS_DIR; };
		8589FD972B3721F3008285A7 /* Sayfalar_Aras__Gec_is_UITests.swift */ = {isa = PBXFileReference; lastKnownFileType = sourcecode.swift; path = Sayfalar_Aras__Gec_is_UITests.swift; sourceTree = "<group>"; };
		8589FD992B3721F3008285A7 /* Sayfalar_Aras__Gec_is_UITestsLaunchTests.swift */ = {isa = PBXFileReference; lastKnownFileType = sourcecode.swift; path = Sayfalar_Aras__Gec_is_UITestsLaunchTests.swift; sourceTree = "<group>"; };
		8589FDA62B372225008285A7 /* ViewController2.swift */ = {isa = PBXFileReference; lastKnownFileType = sourcecode.swift; path = ViewController2.swift; sourceTree = "<group>"; };
/* End PBXFileReference section */

/* Begin PBXFrameworksBuildPhase section */
		8589FD702B3721F1008285A7 /* Frameworks */ = {
			isa = PBXFrameworksBuildPhase;
			buildActionMask = 2147483647;
			files = (
			);
			runOnlyForDeploymentPostprocessing = 0;
		};
		8589FD862B3721F3008285A7 /* Frameworks */ = {
			isa = PBXFrameworksBuildPhase;
			buildActionMask = 2147483647;
			files = (
			);
			runOnlyForDeploymentPostprocessing = 0;
		};
		8589FD902B3721F3008285A7 /* Frameworks */ = {
			isa = PBXFrameworksBuildPhase;
			buildActionMask = 2147483647;
			files = (
			);
			runOnlyForDeploymentPostprocessing = 0;
		};
/* End PBXFrameworksBuildPhase section */

/* Begin PBXGroup section */
		8589FD6A2B3721F1008285A7 = {
			isa = PBXGroup;
			children = (
				8589FD752B3721F1008285A7 /* Sayfalar Arası Geçiş */,
				8589FD8C2B3721F3008285A7 /* Sayfalar Arası GeçişTests */,
				8589FD962B3721F3008285A7 /* Sayfalar Arası GeçişUITests */,
				8589FD742B3721F1008285A7 /* Products */,
			);
			sourceTree = "<group>";
		};
		8589FD742B3721F1008285A7 /* Products */ = {
			isa = PBXGroup;
			children = (
				8589FD732B3721F1008285A7 /* Sayfalar Arası Geçiş.app */,
				8589FD892B3721F3008285A7 /* Sayfalar Arası GeçişTests.xctest */,
				8589FD932B3721F3008285A7 /* Sayfalar Arası GeçişUITests.xctest */,
			);
			name = Products;
			sourceTree = "<group>";
		};
		8589FD752B3721F1008285A7 /* Sayfalar Arası Geçiş */ = {
			isa = PBXGroup;
			children = (
				8589FD762B3721F1008285A7 /* AppDelegate.swift */,
				8589FD782B3721F1008285A7 /* SceneDelegate.swift */,
				8589FD7A2B3721F1008285A7 /* ViewController.swift */,
				8589FD7C2B3721F1008285A7 /* Main.storyboard */,
				8589FDA62B372225008285A7 /* ViewController2.swift */,
				8589FD7F2B3721F3008285A7 /* Assets.xcassets */,
				8589FD812B3721F3008285A7 /* LaunchScreen.storyboard */,
				8589FD842B3721F3008285A7 /* Info.plist */,
			);
			path = "Sayfalar Arası Geçiş";
			sourceTree = "<group>";
		};
		8589FD8C2B3721F3008285A7 /* Sayfalar Arası GeçişTests */ = {
			isa = PBXGroup;
			children = (
				8589FD8D2B3721F3008285A7 /* Sayfalar_Aras__Gec_is_Tests.swift */,
			);
			path = "Sayfalar Arası GeçişTests";
			sourceTree = "<group>";
		};
		8589FD962B3721F3008285A7 /* Sayfalar Arası GeçişUITests */ = {
			isa = PBXGroup;
			children = (
				8589FD972B3721F3008285A7 /* Sayfalar_Aras__Gec_is_UITests.swift */,
				8589FD992B3721F3008285A7 /* Sayfalar_Aras__Gec_is_UITestsLaunchTests.swift */,
			);
			path = "Sayfalar Arası GeçişUITests";
			sourceTree = "<group>";
		};
/* End PBXGroup section */

/* Begin PBXNativeTarget section */
		8589FD722B3721F1008285A7 /* Sayfalar Arası Geçiş */ = {
			isa = PBXNativeTarget;
			buildConfigurationList = 8589FD9D2B3721F3008285A7 /* Build configuration list for PBXNativeTarget "Sayfalar Arası Geçiş" */;
			buildPhases = (
				8589FD6F2B3721F1008285A7 /* Sources */,
				8589FD702B3721F1008285A7 /* Frameworks */,
				8589FD712B3721F1008285A7 /* Resources */,
			);
			buildRules = (
			);
			dependencies = (
			);
			name = "Sayfalar Arası Geçiş";
			productName = "Sayfalar Arası Geçiş";
			productReference = 8589FD732B3721F1008285A7 /* Sayfalar Arası Geçiş.app */;
			productType = "com.apple.product-type.application";
		};
		8589FD882B3721F3008285A7 /* Sayfalar Arası GeçişTests */ = {
			isa = PBXNativeTarget;
			buildConfigurationList = 8589FDA02B3721F3008285A7 /* Build configuration list for PBXNativeTarget "Sayfalar Arası GeçişTests" */;
			buildPhases = (
				8589FD852B3721F3008285A7 /* Sources */,
				8589FD862B3721F3008285A7 /* Frameworks */,
				8589FD872B3721F3008285A7 /* Resources */,
			);
			buildRules = (
			);
			dependencies = (
				8589FD8B2B3721F3008285A7 /* PBXTargetDependency */,
			);
			name = "Sayfalar Arası GeçişTests";
			productName = "Sayfalar Arası GeçişTests";
			productReference = 8589FD892B3721F3008285A7 /* Sayfalar Arası GeçişTests.xctest */;
			productType = "com.apple.product-type.bundle.unit-test";
		};
		8589FD922B3721F3008285A7 /* Sayfalar Arası GeçişUITests */ = {
			isa = PBXNativeTarget;
			buildConfigurationList = 8589FDA32B3721F3008285A7 /* Build configuration list for PBXNativeTarget "Sayfalar Arası GeçişUITests" */;
			buildPhases = (
				8589FD8F2B3721F3008285A7 /* Sources */,
				8589FD902B3721F3008285A7 /* Frameworks */,
				8589FD912B3721F3008285A7 /* Resources */,
			);
			buildRules = (
			);
			dependencies = (
				8589FD952B3721F3008285A7 /* PBXTargetDependency */,
			);
			name = "Sayfalar Arası GeçişUITests";
			productName = "Sayfalar Arası GeçişUITests";
			productReference = 8589FD932B3721F3008285A7 /* Sayfalar Arası GeçişUITests.xctest */;
			productType = "com.apple.product-type.bundle.ui-testing";
		};
/* End PBXNativeTarget section */

/* Begin PBXProject section */
		8589FD6B2B3721F1008285A7 /* Project object */ = {
			isa = PBXProject;
			attributes = {
				BuildIndependentTargetsInParallel = 1;
				LastSwiftUpdateCheck = 1500;
				LastUpgradeCheck = 1500;
				TargetAttributes = {
					8589FD722B3721F1008285A7 = {
						CreatedOnToolsVersion = 15.0.1;
					};
					8589FD882B3721F3008285A7 = {
						CreatedOnToolsVersion = 15.0.1;
						TestTargetID = 8589FD722B3721F1008285A7;
					};
					8589FD922B3721F3008285A7 = {
						CreatedOnToolsVersion = 15.0.1;
						TestTargetID = 8589FD722B3721F1008285A7;
					};
				};
			};
			buildConfigurationList = 8589FD6E2B3721F1008285A7 /* Build configuration list for PBXProject "Sayfalar Arası Geçiş" */;
			compatibilityVersion = "Xcode 14.0";
			developmentRegion = en;
			hasScannedForEncodings = 0;
			knownRegions = (
				en,
				Base,
			);
			mainGroup = 8589FD6A2B3721F1008285A7;
			productRefGroup = 8589FD742B3721F1008285A7 /* Products */;
			projectDirPath = "";
			projectRoot = "";
			targets = (
				8589FD722B3721F1008285A7 /* Sayfalar Arası Geçiş */,
				8589FD882B3721F3008285A7 /* Sayfalar Arası GeçişTests */,
				8589FD922B3721F3008285A7 /* Sayfalar Arası GeçişUITests */,
			);
		};
/* End PBXProject section */

/* Begin PBXResourcesBuildPhase section */
		8589FD712B3721F1008285A7 /* Resources */ = {
			isa = PBXResourcesBuildPhase;
			buildActionMask = 2147483647;
			files = (
				8589FD832B3721F3008285A7 /* LaunchScreen.storyboard in Resources */,
				8589FD802B3721F3008285A7 /* Assets.xcassets in Resources */,
				8589FD7E2B3721F1008285A7 /* Main.storyboard in Resources */,
			);
			runOnlyForDeploymentPostprocessing = 0;
		};
		8589FD872B3721F3008285A7 /* Resources */ = {
			isa = PBXResourcesBuildPhase;
			buildActionMask = 2147483647;
			files = (
			);
			runOnlyForDeploymentPostprocessing = 0;
		};
		8589FD912B3721F3008285A7 /* Resources */ = {
			isa = PBXResourcesBuildPhase;
			buildActionMask = 2147483647;
			files = (
			);
			runOnlyForDeploymentPostprocessing = 0;
		};
/* End PBXResourcesBuildPhase section */

/* Begin PBXSourcesBuildPhase section */
		8589FD6F2B3721F1008285A7 /* Sources */ = {
			isa = PBXSourcesBuildPhase;
			buildActionMask = 2147483647;
			files = (
				8589FD7B2B3721F1008285A7 /* ViewController.swift in Sources */,
				8589FDA72B372225008285A7 /* ViewController2.swift in Sources */,
				8589FD772B3721F1008285A7 /* AppDelegate.swift in Sources */,
				8589FD792B3721F1008285A7 /* SceneDelegate.swift in Sources */,
			);
			runOnlyForDeploymentPostprocessing = 0;
		};
		8589FD852B3721F3008285A7 /* Sources */ = {
			isa = PBXSourcesBuildPhase;
			buildActionMask = 2147483647;
			files = (
				8589FD8E2B3721F3008285A7 /* Sayfalar_Aras__Gec_is_Tests.swift in Sources */,
			);
			runOnlyForDeploymentPostprocessing = 0;
		};
		8589FD8F2B3721F3008285A7 /* Sources */ = {
			isa = PBXSourcesBuildPhase;
			buildActionMask = 2147483647;
			files = (
				8589FD9A2B3721F3008285A7 /* Sayfalar_Aras__Gec_is_UITestsLaunchTests.swift in Sources */,
				8589FD982B3721F3008285A7 /* Sayfalar_Aras__Gec_is_UITests.swift in Sources */,
			);
			runOnlyForDeploymentPostprocessing = 0;
		};
/* End PBXSourcesBuildPhase section */

/* Begin PBXTargetDependency section */
		8589FD8B2B3721F3008285A7 /* PBXTargetDependency */ = {
			isa = PBXTargetDependency;
			target = 8589FD722B3721F1008285A7 /* Sayfalar Arası Geçiş */;
			targetProxy = 8589FD8A2B3721F3008285A7 /* PBXContainerItemProxy */;
		};
		8589FD952B3721F3008285A7 /* PBXTargetDependency */ = {
			isa = PBXTargetDependency;
			target = 8589FD722B3721F1008285A7 /* Sayfalar Arası Geçiş */;
			targetProxy = 8589FD942B3721F3008285A7 /* PBXContainerItemProxy */;
		};
/* End PBXTargetDependency section */

/* Begin PBXVariantGroup section */
		8589FD7C2B3721F1008285A7 /* Main.storyboard */ = {
			isa = PBXVariantGroup;
			children = (
				8589FD7D2B3721F1008285A7 /* Base */,
			);
			name = Main.storyboard;
			sourceTree = "<group>";
		};
		8589FD812B3721F3008285A7 /* LaunchScreen.storyboard */ = {
			isa = PBXVariantGroup;
			children = (
				8589FD822B3721F3008285A7 /* Base */,
			);
			name = LaunchScreen.storyboard;
			sourceTree = "<group>";
		};
/* End PBXVariantGroup section */

/* Begin XCBuildConfiguration section */
		8589FD9B2B3721F3008285A7 /* Debug */ = {
			isa = XCBuildConfiguration;
			buildSettings = {
				ALWAYS_SEARCH_USER_PATHS = NO;
				ASSETCATALOG_COMPILER_GENERATE_SWIFT_ASSET_SYMBOL_EXTENSIONS = YES;
				CLANG_ANALYZER_NONNULL = YES;
				CLANG_ANALYZER_NUMBER_OBJECT_CONVERSION = YES_AGGRESSIVE;
				CLANG_CXX_LANGUAGE_STANDARD = "gnu++20";
				CLANG_ENABLE_MODULES = YES;
				CLANG_ENABLE_OBJC_ARC = YES;
				CLANG_ENABLE_OBJC_WEAK = YES;
				CLANG_WARN_BLOCK_CAPTURE_AUTORELEASING = YES;
				CLANG_WARN_BOOL_CONVERSION = YES;
				CLANG_WARN_COMMA = YES;
				CLANG_WARN_CONSTANT_CONVERSION = YES;
				CLANG_WARN_DEPRECATED_OBJC_IMPLEMENTATIONS = YES;
				CLANG_WARN_DIRECT_OBJC_ISA_USAGE = YES_ERROR;
				CLANG_WARN_DOCUMENTATION_COMMENTS = YES;
				CLANG_WARN_EMPTY_BODY = YES;
				CLANG_WARN_ENUM_CONVERSION = YES;
				CLANG_WARN_INFINITE_RECURSION = YES;
				CLANG_WARN_INT_CONVERSION = YES;
				CLANG_WARN_NON_LITERAL_NULL_CONVERSION = YES;
				CLANG_WARN_OBJC_IMPLICIT_RETAIN_SELF = YES;
				CLANG_WARN_OBJC_LITERAL_CONVERSION = YES;
				CLANG_WARN_OBJC_ROOT_CLASS = YES_ERROR;
				CLANG_WARN_QUOTED_INCLUDE_IN_FRAMEWORK_HEADER = YES;
				CLANG_WARN_RANGE_LOOP_ANALYSIS = YES;
				CLANG_WARN_STRICT_PROTOTYPES = YES;
				CLANG_WARN_SUSPICIOUS_MOVE = YES;
				CLANG_WARN_UNGUARDED_AVAILABILITY = YES_AGGRESSIVE;
				CLANG_WARN_UNREACHABLE_CODE = YES;
				CLANG_WARN__DUPLICATE_METHOD_MATCH = YES;
				COPY_PHASE_STRIP = NO;
				DEBUG_INFORMATION_FORMAT = dwarf;
				ENABLE_STRICT_OBJC_MSGSEND = YES;
				ENABLE_TESTABILITY = YES;
				ENABLE_USER_SCRIPT_SANDBOXING = YES;
				GCC_C_LANGUAGE_STANDARD = gnu17;
				GCC_DYNAMIC_NO_PIC = NO;
				GCC_NO_COMMON_BLOCKS = YES;
				GCC_OPTIMIZATION_LEVEL = 0;
				GCC_PREPROCESSOR_DEFINITIONS = (
					"DEBUG=1",
					"$(inherited)",
				);
				GCC_WARN_64_TO_32_BIT_CONVERSION = YES;
				GCC_WARN_ABOUT_RETURN_TYPE = YES_ERROR;
				GCC_WARN_UNDECLARED_SELECTOR = YES;
				GCC_WARN_UNINITIALIZED_AUTOS = YES_AGGRESSIVE;
				GCC_WARN_UNUSED_FUNCTION = YES;
				GCC_WARN_UNUSED_VARIABLE = YES;
				IPHONEOS_DEPLOYMENT_TARGET = 17.0;
				LOCALIZATION_PREFERS_STRING_CATALOGS = YES;
				MTL_ENABLE_DEBUG_INFO = INCLUDE_SOURCE;
				MTL_FAST_MATH = YES;
				ONLY_ACTIVE_ARCH = YES;
				SDKROOT = iphoneos;
				SWIFT_ACTIVE_COMPILATION_CONDITIONS = "DEBUG $(inherited)";
				SWIFT_OPTIMIZATION_LEVEL = "-Onone";
			};
			name = Debug;
		};
		8589FD9C2B3721F3008285A7 /* Release */ = {
			isa = XCBuildConfiguration;
			buildSettings = {
				ALWAYS_SEARCH_USER_PATHS = NO;
				ASSETCATALOG_COMPILER_GENERATE_SWIFT_ASSET_SYMBOL_EXTENSIONS = YES;
				CLANG_ANALYZER_NONNULL = YES;
				CLANG_ANALYZER_NUMBER_OBJECT_CONVERSION = YES_AGGRESSIVE;
				CLANG_CXX_LANGUAGE_STANDARD = "gnu++20";
				CLANG_ENABLE_MODULES = YES;
				CLANG_ENABLE_OBJC_ARC = YES;
				CLANG_ENABLE_OBJC_WEAK = YES;
				CLANG_WARN_BLOCK_CAPTURE_AUTORELEASING = YES;
				CLANG_WARN_BOOL_CONVERSION = YES;
				CLANG_WARN_COMMA = YES;
				CLANG_WARN_CONSTANT_CONVERSION = YES;
				CLANG_WARN_DEPRECATED_OBJC_IMPLEMENTATIONS = YES;
				CLANG_WARN_DIRECT_OBJC_ISA_USAGE = YES_ERROR;
				CLANG_WARN_DOCUMENTATION_COMMENTS = YES;
				CLANG_WARN_EMPTY_BODY = YES;
				CLANG_WARN_ENUM_CONVERSION = YES;
				CLANG_WARN_INFINITE_RECURSION = YES;
				CLANG_WARN_INT_CONVERSION = YES;
				CLANG_WARN_NON_LITERAL_NULL_CONVERSION = YES;
				CLANG_WARN_OBJC_IMPLICIT_RETAIN_SELF = YES;
				CLANG_WARN_OBJC_LITERAL_CONVERSION = YES;
				CLANG_WARN_OBJC_ROOT_CLASS = YES_ERROR;
				CLANG_WARN_QUOTED_INCLUDE_IN_FRAMEWORK_HEADER = YES;
				CLANG_WARN_RANGE_LOOP_ANALYSIS = YES;
				CLANG_WARN_STRICT_PROTOTYPES = YES;
				CLANG_WARN_SUSPICIOUS_MOVE = YES;
				CLANG_WARN_UNGUARDED_AVAILABILITY = YES_AGGRESSIVE;
				CLANG_WARN_UNREACHABLE_CODE = YES;
				CLANG_WARN__DUPLICATE_METHOD_MATCH = YES;
				COPY_PHASE_STRIP = NO;
				DEBUG_INFORMATION_FORMAT = "dwarf-with-dsym";
				ENABLE_NS_ASSERTIONS = NO;
				ENABLE_STRICT_OBJC_MSGSEND = YES;
				ENABLE_USER_SCRIPT_SANDBOXING = YES;
				GCC_C_LANGUAGE_STANDARD = gnu17;
				GCC_NO_COMMON_BLOCKS = YES;
				GCC_WARN_64_TO_32_BIT_CONVERSION = YES;
				GCC_WARN_ABOUT_RETURN_TYPE = YES_ERROR;
				GCC_WARN_UNDECLARED_SELECTOR = YES;
				GCC_WARN_UNINITIALIZED_AUTOS = YES_AGGRESSIVE;
				GCC_WARN_UNUSED_FUNCTION = YES;
				GCC_WARN_UNUSED_VARIABLE = YES;
				IPHONEOS_DEPLOYMENT_TARGET = 17.0;
				LOCALIZATION_PREFERS_STRING_CATALOGS = YES;
				MTL_ENABLE_DEBUG_INFO = NO;
				MTL_FAST_MATH = YES;
				SDKROOT = iphoneos;
				SWIFT_COMPILATION_MODE = wholemodule;
				VALIDATE_PRODUCT = YES;
			};
			name = Release;
		};
		8589FD9E2B3721F3008285A7 /* Debug */ = {
			isa = XCBuildConfiguration;
			buildSettings = {
				ASSETCATALOG_COMPILER_APPICON_NAME = AppIcon;
				ASSETCATALOG_COMPILER_GLOBAL_ACCENT_COLOR_NAME = AccentColor;
				CODE_SIGN_STYLE = Automatic;
				CURRENT_PROJECT_VERSION = 1;
				DEVELOPMENT_TEAM = GRNYRMUBZH;
				GENERATE_INFOPLIST_FILE = YES;
				INFOPLIST_FILE = "Sayfalar Arası Geçiş/Info.plist";
				INFOPLIST_KEY_UIApplicationSupportsIndirectInputEvents = YES;
				INFOPLIST_KEY_UILaunchStoryboardName = LaunchScreen;
				INFOPLIST_KEY_UIMainStoryboardFile = Main;
				INFOPLIST_KEY_UISupportedInterfaceOrientations_iPad = "UIInterfaceOrientationPortrait UIInterfaceOrientationPortraitUpsideDown UIInterfaceOrientationLandscapeLeft UIInterfaceOrientationLandscapeRight";
				INFOPLIST_KEY_UISupportedInterfaceOrientations_iPhone = "UIInterfaceOrientationPortrait UIInterfaceOrientationLandscapeLeft UIInterfaceOrientationLandscapeRight";
				LD_RUNPATH_SEARCH_PATHS = (
					"$(inherited)",
					"@executable_path/Frameworks",
				);
				MARKETING_VERSION = 1.0;
				PRODUCT_BUNDLE_IDENTIFIER = "Omer.Sayfalar-Aras--Gec-is-";
				PRODUCT_NAME = "$(TARGET_NAME)";
				SWIFT_EMIT_LOC_STRINGS = YES;
				SWIFT_VERSION = 5.0;
				TARGETED_DEVICE_FAMILY = "1,2";
			};
			name = Debug;
		};
		8589FD9F2B3721F3008285A7 /* Release */ = {
			isa = XCBuildConfiguration;
			buildSettings = {
				ASSETCATALOG_COMPILER_APPICON_NAME = AppIcon;
				ASSETCATALOG_COMPILER_GLOBAL_ACCENT_COLOR_NAME = AccentColor;
				CODE_SIGN_STYLE = Automatic;
				CURRENT_PROJECT_VERSION = 1;
				DEVELOPMENT_TEAM = GRNYRMUBZH;
				GENERATE_INFOPLIST_FILE = YES;
				INFOPLIST_FILE = "Sayfalar Arası Geçiş/Info.plist";
				INFOPLIST_KEY_UIApplicationSupportsIndirectInputEvents = YES;
				INFOPLIST_KEY_UILaunchStoryboardName = LaunchScreen;
				INFOPLIST_KEY_UIMainStoryboardFile = Main;
				INFOPLIST_KEY_UISupportedInterfaceOrientations_iPad = "UIInterfaceOrientationPortrait UIInterfaceOrientationPortraitUpsideDown UIInterfaceOrientationLandscapeLeft UIInterfaceOrientationLandscapeRight";
				INFOPLIST_KEY_UISupportedInterfaceOrientations_iPhone = "UIInterfaceOrientationPortrait UIInterfaceOrientationLandscapeLeft UIInterfaceOrientationLandscapeRight";
				LD_RUNPATH_SEARCH_PATHS = (
					"$(inherited)",
					"@executable_path/Frameworks",
				);
				MARKETING_VERSION = 1.0;
				PRODUCT_BUNDLE_IDENTIFIER = "Omer.Sayfalar-Aras--Gec-is-";
				PRODUCT_NAME = "$(TARGET_NAME)";
				SWIFT_EMIT_LOC_STRINGS = YES;
				SWIFT_VERSION = 5.0;
				TARGETED_DEVICE_FAMILY = "1,2";
			};
			name = Release;
		};
		8589FDA12B3721F3008285A7 /* Debug */ = {
			isa = XCBuildConfiguration;
			buildSettings = {
				ALWAYS_EMBED_SWIFT_STANDARD_LIBRARIES = YES;
				BUNDLE_LOADER = "$(TEST_HOST)";
				CODE_SIGN_STYLE = Automatic;
				CURRENT_PROJECT_VERSION = 1;
				DEVELOPMENT_TEAM = GRNYRMUBZH;
				GENERATE_INFOPLIST_FILE = YES;
				IPHONEOS_DEPLOYMENT_TARGET = 17.0;
				MARKETING_VERSION = 1.0;
				PRODUCT_BUNDLE_IDENTIFIER = "Omer.Sayfalar-Aras--Gec-is-Tests";
				PRODUCT_NAME = "$(TARGET_NAME)";
				SWIFT_EMIT_LOC_STRINGS = NO;
				SWIFT_VERSION = 5.0;
				TARGETED_DEVICE_FAMILY = "1,2";
				TEST_HOST = "$(BUILT_PRODUCTS_DIR)/Sayfalar Arası Geçiş.app/$(BUNDLE_EXECUTABLE_FOLDER_PATH)/Sayfalar Arası Geçiş";
			};
			name = Debug;
		};
		8589FDA22B3721F3008285A7 /* Release */ = {
			isa = XCBuildConfiguration;
			buildSettings = {
				ALWAYS_EMBED_SWIFT_STANDARD_LIBRARIES = YES;
				BUNDLE_LOADER = "$(TEST_HOST)";
				CODE_SIGN_STYLE = Automatic;
				CURRENT_PROJECT_VERSION = 1;
				DEVELOPMENT_TEAM = GRNYRMUBZH;
				GENERATE_INFOPLIST_FILE = YES;
				IPHONEOS_DEPLOYMENT_TARGET = 17.0;
				MARKETING_VERSION = 1.0;
				PRODUCT_BUNDLE_IDENTIFIER = "Omer.Sayfalar-Aras--Gec-is-Tests";
				PRODUCT_NAME = "$(TARGET_NAME)";
				SWIFT_EMIT_LOC_STRINGS = NO;
				SWIFT_VERSION = 5.0;
				TARGETED_DEVICE_FAMILY = "1,2";
				TEST_HOST = "$(BUILT_PRODUCTS_DIR)/Sayfalar Arası Geçiş.app/$(BUNDLE_EXECUTABLE_FOLDER_PATH)/Sayfalar Arası Geçiş";
			};
			name = Release;
		};
		8589FDA42B3721F3008285A7 /* Debug */ = {
			isa = XCBuildConfiguration;
			buildSettings = {
				ALWAYS_EMBED_SWIFT_STANDARD_LIBRARIES = YES;
				CODE_SIGN_STYLE = Automatic;
				CURRENT_PROJECT_VERSION = 1;
				DEVELOPMENT_TEAM = GRNYRMUBZH;
				GENERATE_INFOPLIST_FILE = YES;
				MARKETING_VERSION = 1.0;
				PRODUCT_BUNDLE_IDENTIFIER = "Omer.Sayfalar-Aras--Gec-is-UITests";
				PRODUCT_NAME = "$(TARGET_NAME)";
				SWIFT_EMIT_LOC_STRINGS = NO;
				SWIFT_VERSION = 5.0;
				TARGETED_DEVICE_FAMILY = "1,2";
				TEST_TARGET_NAME = "Sayfalar Arası Geçiş";
			};
			name = Debug;
		};
		8589FDA52B3721F3008285A7 /* Release */ = {
			isa = XCBuildConfiguration;
			buildSettings = {
				ALWAYS_EMBED_SWIFT_STANDARD_LIBRARIES = YES;
				CODE_SIGN_STYLE = Automatic;
				CURRENT_PROJECT_VERSION = 1;
				DEVELOPMENT_TEAM = GRNYRMUBZH;
				GENERATE_INFOPLIST_FILE = YES;
				MARKETING_VERSION = 1.0;
				PRODUCT_BUNDLE_IDENTIFIER = "Omer.Sayfalar-Aras--Gec-is-UITests";
				PRODUCT_NAME = "$(TARGET_NAME)";
				SWIFT_EMIT_LOC_STRINGS = NO;
				SWIFT_VERSION = 5.0;
				TARGETED_DEVICE_FAMILY = "1,2";
				TEST_TARGET_NAME = "Sayfalar Arası Geçiş";
			};
			name = Release;
		};
/* End XCBuildConfiguration section */

/* Begin XCConfigurationList section */
		8589FD6E2B3721F1008285A7 /* Build configuration list for PBXProject "Sayfalar Arası Geçiş" */ = {
			isa = XCConfigurationList;
			buildConfigurations = (
				8589FD9B2B3721F3008285A7 /* Debug */,
				8589FD9C2B3721F3008285A7 /* Release */,
			);
			defaultConfigurationIsVisible = 0;
			defaultConfigurationName = Release;
		};
		8589FD9D2B3721F3008285A7 /* Build configuration list for PBXNativeTarget "Sayfalar Arası Geçiş" */ = {
			isa = XCConfigurationList;
			buildConfigurations = (
				8589FD9E2B3721F3008285A7 /* Debug */,
				8589FD9F2B3721F3008285A7 /* Release */,
			);
			defaultConfigurationIsVisible = 0;
			defaultConfigurationName = Release;
		};
		8589FDA02B3721F3008285A7 /* Build configuration list for PBXNativeTarget "Sayfalar Arası GeçişTests" */ = {
			isa = XCConfigurationList;
			buildConfigurations = (
				8589FDA12B3721F3008285A7 /* Debug */,
				8589FDA22B3721F3008285A7 /* Release */,
			);
			defaultConfigurationIsVisible = 0;
			defaultConfigurationName = Release;
		};
		8589FDA32B3721F3008285A7 /* Build configuration list for PBXNativeTarget "Sayfalar Arası GeçişUITests" */ = {
			isa = XCConfigurationList;
			buildConfigurations = (
				8589FDA42B3721F3008285A7 /* Debug */,
				8589FDA52B3721F3008285A7 /* Release */,
			);
			defaultConfigurationIsVisible = 0;
			defaultConfigurationName = Release;
		};
/* End XCConfigurationList section */
	};
	rootObject = 8589FD6B2B3721F1008285A7 /* Project object */;
}
