// !$*UTF8*$!
{
	archiveVersion = 1;
	classes = {
	};
	objectVersion = 56;
	objects = {

/* Begin PBXBuildFile section */
		8589FDB52B37465A008285A7 /* AppDelegate.swift in Sources */ = {isa = PBXBuildFile; fileRef = 8589FDB42B37465A008285A7 /* AppDelegate.swift */; };
		8589FDB72B37465A008285A7 /* SceneDelegate.swift in Sources */ = {isa = PBXBuildFile; fileRef = 8589FDB62B37465A008285A7 /* SceneDelegate.swift */; };
		8589FDB92B37465A008285A7 /* ViewController.swift in Sources */ = {isa = PBXBuildFile; fileRef = 8589FDB82B37465A008285A7 /* ViewController.swift */; };
		8589FDBC2B37465A008285A7 /* Main.storyboard in Resources */ = {isa = PBXBuildFile; fileRef = 8589FDBA2B37465A008285A7 /* Main.storyboard */; };
		8589FDBE2B37465C008285A7 /* Assets.xcassets in Resources */ = {isa = PBXBuildFile; fileRef = 8589FDBD2B37465C008285A7 /* Assets.xcassets */; };
		8589FDC12B37465C008285A7 /* LaunchScreen.storyboard in Resources */ = {isa = PBXBuildFile; fileRef = 8589FDBF2B37465C008285A7 /* LaunchScreen.storyboard */; };
		8589FDCC2B37465C008285A7 /* Sayfalar_Arasi_GecisTests.swift in Sources */ = {isa = PBXBuildFile; fileRef = 8589FDCB2B37465C008285A7 /* Sayfalar_Arasi_GecisTests.swift */; };
		8589FDD62B37465C008285A7 /* Sayfalar_Arasi_GecisUITests.swift in Sources */ = {isa = PBXBuildFile; fileRef = 8589FDD52B37465C008285A7 /* Sayfalar_Arasi_GecisUITests.swift */; };
		8589FDD82B37465C008285A7 /* Sayfalar_Arasi_GecisUITestsLaunchTests.swift in Sources */ = {isa = PBXBuildFile; fileRef = 8589FDD72B37465C008285A7 /* Sayfalar_Arasi_GecisUITestsLaunchTests.swift */; };
		8589FDE72B37477F008285A7 /* ViewControllerB.swift in Sources */ = {isa = PBXBuildFile; fileRef = 8589FDE62B37477F008285A7 /* ViewControllerB.swift */; };
		8589FDE92B3752FD008285A7 /* Kisiler.swift in Sources */ = {isa = PBXBuildFile; fileRef = 8589FDE82B3752FD008285A7 /* Kisiler.swift */; };
/* End PBXBuildFile section */

/* Begin PBXContainerItemProxy section */
		8589FDC82B37465C008285A7 /* PBXContainerItemProxy */ = {
			isa = PBXContainerItemProxy;
			containerPortal = 8589FDA92B37465A008285A7 /* Project object */;
			proxyType = 1;
			remoteGlobalIDString = 8589FDB02B37465A008285A7;
			remoteInfo = "Sayfalar Arasi Gecis";
		};
		8589FDD22B37465C008285A7 /* PBXContainerItemProxy */ = {
			isa = PBXContainerItemProxy;
			containerPortal = 8589FDA92B37465A008285A7 /* Project object */;
			proxyType = 1;
			remoteGlobalIDString = 8589FDB02B37465A008285A7;
			remoteInfo = "Sayfalar Arasi Gecis";
		};
/* End PBXContainerItemProxy section */

/* Begin PBXFileReference section */
		8589FDB12B37465A008285A7 /* Sayfalar Arasi Gecis.app */ = {isa = PBXFileReference; explicitFileType = wrapper.application; includeInIndex = 0; path = "Sayfalar Arasi Gecis.app"; sourceTree = BUILT_PRODUCTS_DIR; };
		8589FDB42B37465A008285A7 /* AppDelegate.swift */ = {isa = PBXFileReference; lastKnownFileType = sourcecode.swift; path = AppDelegate.swift; sourceTree = "<group>"; };
		8589FDB62B37465A008285A7 /* SceneDelegate.swift */ = {isa = PBXFileReference; lastKnownFileType = sourcecode.swift; path = SceneDelegate.swift; sourceTree = "<group>"; };
		8589FDB82B37465A008285A7 /* ViewController.swift */ = {isa = PBXFileReference; lastKnownFileType = sourcecode.swift; path = ViewController.swift; sourceTree = "<group>"; };
		8589FDBB2B37465A008285A7 /* Base */ = {isa = PBXFileReference; lastKnownFileType = file.storyboard; name = Base; path = Base.lproj/Main.storyboard; sourceTree = "<group>"; };
		8589FDBD2B37465C008285A7 /* Assets.xcassets */ = {isa = PBXFileReference; lastKnownFileType = folder.assetcatalog; path = Assets.xcassets; sourceTree = "<group>"; };
		8589FDC02B37465C008285A7 /* Base */ = {isa = PBXFileReference; lastKnownFileType = file.storyboard; name = Base; path = Base.lproj/LaunchScreen.storyboard; sourceTree = "<group>"; };
		8589FDC22B37465C008285A7 /* Info.plist */ = {isa = PBXFileReference; lastKnownFileType = text.plist.xml; path = Info.plist; sourceTree = "<group>"; };
		8589FDC72B37465C008285A7 /* Sayfalar Arasi GecisTests.xctest */ = {isa = PBXFileReference; explicitFileType = wrapper.cfbundle; includeInIndex = 0; path = "Sayfalar Arasi GecisTests.xctest"; sourceTree = BUILT_PRODUCTS_DIR; };
		8589FDCB2B37465C008285A7 /* Sayfalar_Arasi_GecisTests.swift */ = {isa = PBXFileReference; lastKnownFileType = sourcecode.swift; path = Sayfalar_Arasi_GecisTests.swift; sourceTree = "<group>"; };
		8589FDD12B37465C008285A7 /* Sayfalar Arasi GecisUITests.xctest */ = {isa = PBXFileReference; explicitFileType = wrapper.cfbundle; includeInIndex = 0; path = "Sayfalar Arasi GecisUITests.xctest"; sourceTree = BUILT_PRODUCTS_DIR; };
		8589FDD52B37465C008285A7 /* Sayfalar_Arasi_GecisUITests.swift */ = {isa = PBXFileReference; lastKnownFileType = sourcecode.swift; path = Sayfalar_Arasi_GecisUITests.swift; sourceTree = "<group>"; };
		8589FDD72B37465C008285A7 /* Sayfalar_Arasi_GecisUITestsLaunchTests.swift */ = {isa = PBXFileReference; lastKnownFileType = sourcecode.swift; path = Sayfalar_Arasi_GecisUITestsLaunchTests.swift; sourceTree = "<group>"; };
		8589FDE62B37477F008285A7 /* ViewControllerB.swift */ = {isa = PBXFileReference; lastKnownFileType = sourcecode.swift; path = ViewControllerB.swift; sourceTree = "<group>"; };
		8589FDE82B3752FD008285A7 /* Kisiler.swift */ = {isa = PBXFileReference; lastKnownFileType = sourcecode.swift; path = Kisiler.swift; sourceTree = "<group>"; };
/* End PBXFileReference section */

/* Begin PBXFrameworksBuildPhase section */
		8589FDAE2B37465A008285A7 /* Frameworks */ = {
			isa = PBXFrameworksBuildPhase;
			buildActionMask = 2147483647;
			files = (
			);
			runOnlyForDeploymentPostprocessing = 0;
		};
		8589FDC42B37465C008285A7 /* Frameworks */ = {
			isa = PBXFrameworksBuildPhase;
			buildActionMask = 2147483647;
			files = (
			);
			runOnlyForDeploymentPostprocessing = 0;
		};
		8589FDCE2B37465C008285A7 /* Frameworks */ = {
			isa = PBXFrameworksBuildPhase;
			buildActionMask = 2147483647;
			files = (
			);
			runOnlyForDeploymentPostprocessing = 0;
		};
/* End PBXFrameworksBuildPhase section */

/* Begin PBXGroup section */
		8589FDA82B37465A008285A7 = {
			isa = PBXGroup;
			children = (
				8589FDB32B37465A008285A7 /* Sayfalar Arasi Gecis */,
				8589FDCA2B37465C008285A7 /* Sayfalar Arasi GecisTests */,
				8589FDD42B37465C008285A7 /* Sayfalar Arasi GecisUITests */,
				8589FDB22B37465A008285A7 /* Products */,
			);
			sourceTree = "<group>";
		};
		8589FDB22B37465A008285A7 /* Products */ = {
			isa = PBXGroup;
			children = (
				8589FDB12B37465A008285A7 /* Sayfalar Arasi Gecis.app */,
				8589FDC72B37465C008285A7 /* Sayfalar Arasi GecisTests.xctest */,
				8589FDD12B37465C008285A7 /* Sayfalar Arasi GecisUITests.xctest */,
			);
			name = Products;
			sourceTree = "<group>";
		};
		8589FDB32B37465A008285A7 /* Sayfalar Arasi Gecis */ = {
			isa = PBXGroup;
			children = (
				8589FDB42B37465A008285A7 /* AppDelegate.swift */,
				8589FDB62B37465A008285A7 /* SceneDelegate.swift */,
				8589FDB82B37465A008285A7 /* ViewController.swift */,
				8589FDE62B37477F008285A7 /* ViewControllerB.swift */,
				8589FDBA2B37465A008285A7 /* Main.storyboard */,
				8589FDBD2B37465C008285A7 /* Assets.xcassets */,
				8589FDBF2B37465C008285A7 /* LaunchScreen.storyboard */,
				8589FDC22B37465C008285A7 /* Info.plist */,
				8589FDE82B3752FD008285A7 /* Kisiler.swift */,
			);
			path = "Sayfalar Arasi Gecis";
			sourceTree = "<group>";
		};
		8589FDCA2B37465C008285A7 /* Sayfalar Arasi GecisTests */ = {
			isa = PBXGroup;
			children = (
				8589FDCB2B37465C008285A7 /* Sayfalar_Arasi_GecisTests.swift */,
			);
			path = "Sayfalar Arasi GecisTests";
			sourceTree = "<group>";
		};
		8589FDD42B37465C008285A7 /* Sayfalar Arasi GecisUITests */ = {
			isa = PBXGroup;
			children = (
				8589FDD52B37465C008285A7 /* Sayfalar_Arasi_GecisUITests.swift */,
				8589FDD72B37465C008285A7 /* Sayfalar_Arasi_GecisUITestsLaunchTests.swift */,
			);
			path = "Sayfalar Arasi GecisUITests";
			sourceTree = "<group>";
		};
/* End PBXGroup section */

/* Begin PBXNativeTarget section */
		8589FDB02B37465A008285A7 /* Sayfalar Arasi Gecis */ = {
			isa = PBXNativeTarget;
			buildConfigurationList = 8589FDDB2B37465C008285A7 /* Build configuration list for PBXNativeTarget "Sayfalar Arasi Gecis" */;
			buildPhases = (
				8589FDAD2B37465A008285A7 /* Sources */,
				8589FDAE2B37465A008285A7 /* Frameworks */,
				8589FDAF2B37465A008285A7 /* Resources */,
			);
			buildRules = (
			);
			dependencies = (
			);
			name = "Sayfalar Arasi Gecis";
			productName = "Sayfalar Arasi Gecis";
			productReference = 8589FDB12B37465A008285A7 /* Sayfalar Arasi Gecis.app */;
			productType = "com.apple.product-type.application";
		};
		8589FDC62B37465C008285A7 /* Sayfalar Arasi GecisTests */ = {
			isa = PBXNativeTarget;
			buildConfigurationList = 8589FDDE2B37465C008285A7 /* Build configuration list for PBXNativeTarget "Sayfalar Arasi GecisTests" */;
			buildPhases = (
				8589FDC32B37465C008285A7 /* Sources */,
				8589FDC42B37465C008285A7 /* Frameworks */,
				8589FDC52B37465C008285A7 /* Resources */,
			);
			buildRules = (
			);
			dependencies = (
				8589FDC92B37465C008285A7 /* PBXTargetDependency */,
			);
			name = "Sayfalar Arasi GecisTests";
			productName = "Sayfalar Arasi GecisTests";
			productReference = 8589FDC72B37465C008285A7 /* Sayfalar Arasi GecisTests.xctest */;
			productType = "com.apple.product-type.bundle.unit-test";
		};
		8589FDD02B37465C008285A7 /* Sayfalar Arasi GecisUITests */ = {
			isa = PBXNativeTarget;
			buildConfigurationList = 8589FDE12B37465C008285A7 /* Build configuration list for PBXNativeTarget "Sayfalar Arasi GecisUITests" */;
			buildPhases = (
				8589FDCD2B37465C008285A7 /* Sources */,
				8589FDCE2B37465C008285A7 /* Frameworks */,
				8589FDCF2B37465C008285A7 /* Resources */,
			);
			buildRules = (
			);
			dependencies = (
				8589FDD32B37465C008285A7 /* PBXTargetDependency */,
			);
			name = "Sayfalar Arasi GecisUITests";
			productName = "Sayfalar Arasi GecisUITests";
			productReference = 8589FDD12B37465C008285A7 /* Sayfalar Arasi GecisUITests.xctest */;
			productType = "com.apple.product-type.bundle.ui-testing";
		};
/* End PBXNativeTarget section */

/* Begin PBXProject section */
		8589FDA92B37465A008285A7 /* Project object */ = {
			isa = PBXProject;
			attributes = {
				BuildIndependentTargetsInParallel = 1;
				LastSwiftUpdateCheck = 1500;
				LastUpgradeCheck = 1500;
				TargetAttributes = {
					8589FDB02B37465A008285A7 = {
						CreatedOnToolsVersion = 15.0.1;
					};
					8589FDC62B37465C008285A7 = {
						CreatedOnToolsVersion = 15.0.1;
						TestTargetID = 8589FDB02B37465A008285A7;
					};
					8589FDD02B37465C008285A7 = {
						CreatedOnToolsVersion = 15.0.1;
						TestTargetID = 8589FDB02B37465A008285A7;
					};
				};
			};
			buildConfigurationList = 8589FDAC2B37465A008285A7 /* Build configuration list for PBXProject "Sayfalar Arasi Gecis" */;
			compatibilityVersion = "Xcode 14.0";
			developmentRegion = en;
			hasScannedForEncodings = 0;
			knownRegions = (
				en,
				Base,
			);
			mainGroup = 8589FDA82B37465A008285A7;
			productRefGroup = 8589FDB22B37465A008285A7 /* Products */;
			projectDirPath = "";
			projectRoot = "";
			targets = (
				8589FDB02B37465A008285A7 /* Sayfalar Arasi Gecis */,
				8589FDC62B37465C008285A7 /* Sayfalar Arasi GecisTests */,
				8589FDD02B37465C008285A7 /* Sayfalar Arasi GecisUITests */,
			);
		};
/* End PBXProject section */

/* Begin PBXResourcesBuildPhase section */
		8589FDAF2B37465A008285A7 /* Resources */ = {
			isa = PBXResourcesBuildPhase;
			buildActionMask = 2147483647;
			files = (
				8589FDC12B37465C008285A7 /* LaunchScreen.storyboard in Resources */,
				8589FDBE2B37465C008285A7 /* Assets.xcassets in Resources */,
				8589FDBC2B37465A008285A7 /* Main.storyboard in Resources */,
			);
			runOnlyForDeploymentPostprocessing = 0;
		};
		8589FDC52B37465C008285A7 /* Resources */ = {
			isa = PBXResourcesBuildPhase;
			buildActionMask = 2147483647;
			files = (
			);
			runOnlyForDeploymentPostprocessing = 0;
		};
		8589FDCF2B37465C008285A7 /* Resources */ = {
			isa = PBXResourcesBuildPhase;
			buildActionMask = 2147483647;
			files = (
			);
			runOnlyForDeploymentPostprocessing = 0;
		};
/* End PBXResourcesBuildPhase section */

/* Begin PBXSourcesBuildPhase section */
		8589FDAD2B37465A008285A7 /* Sources */ = {
			isa = PBXSourcesBuildPhase;
			buildActionMask = 2147483647;
			files = (
				8589FDB92B37465A008285A7 /* ViewController.swift in Sources */,
				8589FDE72B37477F008285A7 /* ViewControllerB.swift in Sources */,
				8589FDB52B37465A008285A7 /* AppDelegate.swift in Sources */,
				8589FDB72B37465A008285A7 /* SceneDelegate.swift in Sources */,
				8589FDE92B3752FD008285A7 /* Kisiler.swift in Sources */,
			);
			runOnlyForDeploymentPostprocessing = 0;
		};
		8589FDC32B37465C008285A7 /* Sources */ = {
			isa = PBXSourcesBuildPhase;
			buildActionMask = 2147483647;
			files = (
				8589FDCC2B37465C008285A7 /* Sayfalar_Arasi_GecisTests.swift in Sources */,
			);
			runOnlyForDeploymentPostprocessing = 0;
		};
		8589FDCD2B37465C008285A7 /* Sources */ = {
			isa = PBXSourcesBuildPhase;
			buildActionMask = 2147483647;
			files = (
				8589FDD82B37465C008285A7 /* Sayfalar_Arasi_GecisUITestsLaunchTests.swift in Sources */,
				8589FDD62B37465C008285A7 /* Sayfalar_Arasi_GecisUITests.swift in Sources */,
			);
			runOnlyForDeploymentPostprocessing = 0;
		};
/* End PBXSourcesBuildPhase section */

/* Begin PBXTargetDependency section */
		8589FDC92B37465C008285A7 /* PBXTargetDependency */ = {
			isa = PBXTargetDependency;
			target = 8589FDB02B37465A008285A7 /* Sayfalar Arasi Gecis */;
			targetProxy = 8589FDC82B37465C008285A7 /* PBXContainerItemProxy */;
		};
		8589FDD32B37465C008285A7 /* PBXTargetDependency */ = {
			isa = PBXTargetDependency;
			target = 8589FDB02B37465A008285A7 /* Sayfalar Arasi Gecis */;
			targetProxy = 8589FDD22B37465C008285A7 /* PBXContainerItemProxy */;
		};
/* End PBXTargetDependency section */

/* Begin PBXVariantGroup section */
		8589FDBA2B37465A008285A7 /* Main.storyboard */ = {
			isa = PBXVariantGroup;
			children = (
				8589FDBB2B37465A008285A7 /* Base */,
			);
			name = Main.storyboard;
			sourceTree = "<group>";
		};
		8589FDBF2B37465C008285A7 /* LaunchScreen.storyboard */ = {
			isa = PBXVariantGroup;
			children = (
				8589FDC02B37465C008285A7 /* Base */,
			);
			name = LaunchScreen.storyboard;
			sourceTree = "<group>";
		};
/* End PBXVariantGroup section */

/* Begin XCBuildConfiguration section */
		8589FDD92B37465C008285A7 /* Debug */ = {
			isa = XCBuildConfiguration;
			buildSettings = {
				ALWAYS_SEARCH_USER_PATHS = NO;
				ASSETCATALOG_COMPILER_GENERATE_SWIFT_ASSET_SYMBOL_EXTENSIONS = YES;
				CLANG_ANALYZER_NONNULL = YES;
				CLANG_ANALYZER_NUMBER_OBJECT_CONVERSION = YES_AGGRESSIVE;
				CLANG_CXX_LANGUAGE_STANDARD = "gnu++20";
				CLANG_ENABLE_MODULES = YES;
				CLANG_ENABLE_OBJC_ARC = YES;
				CLANG_ENABLE_OBJC_WEAK = YES;
				CLANG_WARN_BLOCK_CAPTURE_AUTORELEASING = YES;
				CLANG_WARN_BOOL_CONVERSION = YES;
				CLANG_WARN_COMMA = YES;
				CLANG_WARN_CONSTANT_CONVERSION = YES;
				CLANG_WARN_DEPRECATED_OBJC_IMPLEMENTATIONS = YES;
				CLANG_WARN_DIRECT_OBJC_ISA_USAGE = YES_ERROR;
				CLANG_WARN_DOCUMENTATION_COMMENTS = YES;
				CLANG_WARN_EMPTY_BODY = YES;
				CLANG_WARN_ENUM_CONVERSION = YES;
				CLANG_WARN_INFINITE_RECURSION = YES;
				CLANG_WARN_INT_CONVERSION = YES;
				CLANG_WARN_NON_LITERAL_NULL_CONVERSION = YES;
				CLANG_WARN_OBJC_IMPLICIT_RETAIN_SELF = YES;
				CLANG_WARN_OBJC_LITERAL_CONVERSION = YES;
				CLANG_WARN_OBJC_ROOT_CLASS = YES_ERROR;
				CLANG_WARN_QUOTED_INCLUDE_IN_FRAMEWORK_HEADER = YES;
				CLANG_WARN_RANGE_LOOP_ANALYSIS = YES;
				CLANG_WARN_STRICT_PROTOTYPES = YES;
				CLANG_WARN_SUSPICIOUS_MOVE = YES;
				CLANG_WARN_UNGUARDED_AVAILABILITY = YES_AGGRESSIVE;
				CLANG_WARN_UNREACHABLE_CODE = YES;
				CLANG_WARN__DUPLICATE_METHOD_MATCH = YES;
				COPY_PHASE_STRIP = NO;
				DEBUG_INFORMATION_FORMAT = dwarf;
				ENABLE_STRICT_OBJC_MSGSEND = YES;
				ENABLE_TESTABILITY = YES;
				ENABLE_USER_SCRIPT_SANDBOXING = YES;
				GCC_C_LANGUAGE_STANDARD = gnu17;
				GCC_DYNAMIC_NO_PIC = NO;
				GCC_NO_COMMON_BLOCKS = YES;
				GCC_OPTIMIZATION_LEVEL = 0;
				GCC_PREPROCESSOR_DEFINITIONS = (
					"DEBUG=1",
					"$(inherited)",
				);
				GCC_WARN_64_TO_32_BIT_CONVERSION = YES;
				GCC_WARN_ABOUT_RETURN_TYPE = YES_ERROR;
				GCC_WARN_UNDECLARED_SELECTOR = YES;
				GCC_WARN_UNINITIALIZED_AUTOS = YES_AGGRESSIVE;
				GCC_WARN_UNUSED_FUNCTION = YES;
				GCC_WARN_UNUSED_VARIABLE = YES;
				IPHONEOS_DEPLOYMENT_TARGET = 17.0;
				LOCALIZATION_PREFERS_STRING_CATALOGS = YES;
				MTL_ENABLE_DEBUG_INFO = INCLUDE_SOURCE;
				MTL_FAST_MATH = YES;
				ONLY_ACTIVE_ARCH = YES;
				SDKROOT = iphoneos;
				SWIFT_ACTIVE_COMPILATION_CONDITIONS = "DEBUG $(inherited)";
				SWIFT_OPTIMIZATION_LEVEL = "-Onone";
			};
			name = Debug;
		};
		8589FDDA2B37465C008285A7 /* Release */ = {
			isa = XCBuildConfiguration;
			buildSettings = {
				ALWAYS_SEARCH_USER_PATHS = NO;
				ASSETCATALOG_COMPILER_GENERATE_SWIFT_ASSET_SYMBOL_EXTENSIONS = YES;
				CLANG_ANALYZER_NONNULL = YES;
				CLANG_ANALYZER_NUMBER_OBJECT_CONVERSION = YES_AGGRESSIVE;
				CLANG_CXX_LANGUAGE_STANDARD = "gnu++20";
				CLANG_ENABLE_MODULES = YES;
				CLANG_ENABLE_OBJC_ARC = YES;
				CLANG_ENABLE_OBJC_WEAK = YES;
				CLANG_WARN_BLOCK_CAPTURE_AUTORELEASING = YES;
				CLANG_WARN_BOOL_CONVERSION = YES;
				CLANG_WARN_COMMA = YES;
				CLANG_WARN_CONSTANT_CONVERSION = YES;
				CLANG_WARN_DEPRECATED_OBJC_IMPLEMENTATIONS = YES;
				CLANG_WARN_DIRECT_OBJC_ISA_USAGE = YES_ERROR;
				CLANG_WARN_DOCUMENTATION_COMMENTS = YES;
				CLANG_WARN_EMPTY_BODY = YES;
				CLANG_WARN_ENUM_CONVERSION = YES;
				CLANG_WARN_INFINITE_RECURSION = YES;
				CLANG_WARN_INT_CONVERSION = YES;
				CLANG_WARN_NON_LITERAL_NULL_CONVERSION = YES;
				CLANG_WARN_OBJC_IMPLICIT_RETAIN_SELF = YES;
				CLANG_WARN_OBJC_LITERAL_CONVERSION = YES;
				CLANG_WARN_OBJC_ROOT_CLASS = YES_ERROR;
				CLANG_WARN_QUOTED_INCLUDE_IN_FRAMEWORK_HEADER = YES;
				CLANG_WARN_RANGE_LOOP_ANALYSIS = YES;
				CLANG_WARN_STRICT_PROTOTYPES = YES;
				CLANG_WARN_SUSPICIOUS_MOVE = YES;
				CLANG_WARN_UNGUARDED_AVAILABILITY = YES_AGGRESSIVE;
				CLANG_WARN_UNREACHABLE_CODE = YES;
				CLANG_WARN__DUPLICATE_METHOD_MATCH = YES;
				COPY_PHASE_STRIP = NO;
				DEBUG_INFORMATION_FORMAT = "dwarf-with-dsym";
				ENABLE_NS_ASSERTIONS = NO;
				ENABLE_STRICT_OBJC_MSGSEND = YES;
				ENABLE_USER_SCRIPT_SANDBOXING = YES;
				GCC_C_LANGUAGE_STANDARD = gnu17;
				GCC_NO_COMMON_BLOCKS = YES;
				GCC_WARN_64_TO_32_BIT_CONVERSION = YES;
				GCC_WARN_ABOUT_RETURN_TYPE = YES_ERROR;
				GCC_WARN_UNDECLARED_SELECTOR = YES;
				GCC_WARN_UNINITIALIZED_AUTOS = YES_AGGRESSIVE;
				GCC_WARN_UNUSED_FUNCTION = YES;
				GCC_WARN_UNUSED_VARIABLE = YES;
				IPHONEOS_DEPLOYMENT_TARGET = 17.0;
				LOCALIZATION_PREFERS_STRING_CATALOGS = YES;
				MTL_ENABLE_DEBUG_INFO = NO;
				MTL_FAST_MATH = YES;
				SDKROOT = iphoneos;
				SWIFT_COMPILATION_MODE = wholemodule;
				VALIDATE_PRODUCT = YES;
			};
			name = Release;
		};
		8589FDDC2B37465C008285A7 /* Debug */ = {
			isa = XCBuildConfiguration;
			buildSettings = {
				ASSETCATALOG_COMPILER_APPICON_NAME = AppIcon;
				ASSETCATALOG_COMPILER_GLOBAL_ACCENT_COLOR_NAME = AccentColor;
				CODE_SIGN_STYLE = Automatic;
				CURRENT_PROJECT_VERSION = 1;
				DEVELOPMENT_TEAM = GRNYRMUBZH;
				GENERATE_INFOPLIST_FILE = YES;
				INFOPLIST_FILE = "Sayfalar Arasi Gecis/Info.plist";
				INFOPLIST_KEY_UIApplicationSupportsIndirectInputEvents = YES;
				INFOPLIST_KEY_UILaunchStoryboardName = LaunchScreen;
				INFOPLIST_KEY_UIMainStoryboardFile = Main;
				INFOPLIST_KEY_UISupportedInterfaceOrientations_iPad = "UIInterfaceOrientationPortrait UIInterfaceOrientationPortraitUpsideDown UIInterfaceOrientationLandscapeLeft UIInterfaceOrientationLandscapeRight";
				INFOPLIST_KEY_UISupportedInterfaceOrientations_iPhone = "UIInterfaceOrientationPortrait UIInterfaceOrientationLandscapeLeft UIInterfaceOrientationLandscapeRight";
				LD_RUNPATH_SEARCH_PATHS = (
					"$(inherited)",
					"@executable_path/Frameworks",
				);
				MARKETING_VERSION = 1.0;
				PRODUCT_BUNDLE_IDENTIFIER = "Omer.Sayfalar-Arasi-Gecis";
				PRODUCT_NAME = "$(TARGET_NAME)";
				SWIFT_EMIT_LOC_STRINGS = YES;
				SWIFT_VERSION = 5.0;
				TARGETED_DEVICE_FAMILY = "1,2";
			};
			name = Debug;
		};
		8589FDDD2B37465C008285A7 /* Release */ = {
			isa = XCBuildConfiguration;
			buildSettings = {
				ASSETCATALOG_COMPILER_APPICON_NAME = AppIcon;
				ASSETCATALOG_COMPILER_GLOBAL_ACCENT_COLOR_NAME = AccentColor;
				CODE_SIGN_STYLE = Automatic;
				CURRENT_PROJECT_VERSION = 1;
				DEVELOPMENT_TEAM = GRNYRMUBZH;
				GENERATE_INFOPLIST_FILE = YES;
				INFOPLIST_FILE = "Sayfalar Arasi Gecis/Info.plist";
				INFOPLIST_KEY_UIApplicationSupportsIndirectInputEvents = YES;
				INFOPLIST_KEY_UILaunchStoryboardName = LaunchScreen;
				INFOPLIST_KEY_UIMainStoryboardFile = Main;
				INFOPLIST_KEY_UISupportedInterfaceOrientations_iPad = "UIInterfaceOrientationPortrait UIInterfaceOrientationPortraitUpsideDown UIInterfaceOrientationLandscapeLeft UIInterfaceOrientationLandscapeRight";
				INFOPLIST_KEY_UISupportedInterfaceOrientations_iPhone = "UIInterfaceOrientationPortrait UIInterfaceOrientationLandscapeLeft UIInterfaceOrientationLandscapeRight";
				LD_RUNPATH_SEARCH_PATHS = (
					"$(inherited)",
					"@executable_path/Frameworks",
				);
				MARKETING_VERSION = 1.0;
				PRODUCT_BUNDLE_IDENTIFIER = "Omer.Sayfalar-Arasi-Gecis";
				PRODUCT_NAME = "$(TARGET_NAME)";
				SWIFT_EMIT_LOC_STRINGS = YES;
				SWIFT_VERSION = 5.0;
				TARGETED_DEVICE_FAMILY = "1,2";
			};
			name = Release;
		};
		8589FDDF2B37465C008285A7 /* Debug */ = {
			isa = XCBuildConfiguration;
			buildSettings = {
				ALWAYS_EMBED_SWIFT_STANDARD_LIBRARIES = YES;
				BUNDLE_LOADER = "$(TEST_HOST)";
				CODE_SIGN_STYLE = Automatic;
				CURRENT_PROJECT_VERSION = 1;
				DEVELOPMENT_TEAM = GRNYRMUBZH;
				GENERATE_INFOPLIST_FILE = YES;
				IPHONEOS_DEPLOYMENT_TARGET = 17.0;
				MARKETING_VERSION = 1.0;
				PRODUCT_BUNDLE_IDENTIFIER = "Omer.Sayfalar-Arasi-GecisTests";
				PRODUCT_NAME = "$(TARGET_NAME)";
				SWIFT_EMIT_LOC_STRINGS = NO;
				SWIFT_VERSION = 5.0;
				TARGETED_DEVICE_FAMILY = "1,2";
				TEST_HOST = "$(BUILT_PRODUCTS_DIR)/Sayfalar Arasi Gecis.app/$(BUNDLE_EXECUTABLE_FOLDER_PATH)/Sayfalar Arasi Gecis";
			};
			name = Debug;
		};
		8589FDE02B37465C008285A7 /* Release */ = {
			isa = XCBuildConfiguration;
			buildSettings = {
				ALWAYS_EMBED_SWIFT_STANDARD_LIBRARIES = YES;
				BUNDLE_LOADER = "$(TEST_HOST)";
				CODE_SIGN_STYLE = Automatic;
				CURRENT_PROJECT_VERSION = 1;
				DEVELOPMENT_TEAM = GRNYRMUBZH;
				GENERATE_INFOPLIST_FILE = YES;
				IPHONEOS_DEPLOYMENT_TARGET = 17.0;
				MARKETING_VERSION = 1.0;
				PRODUCT_BUNDLE_IDENTIFIER = "Omer.Sayfalar-Arasi-GecisTests";
				PRODUCT_NAME = "$(TARGET_NAME)";
				SWIFT_EMIT_LOC_STRINGS = NO;
				SWIFT_VERSION = 5.0;
				TARGETED_DEVICE_FAMILY = "1,2";
				TEST_HOST = "$(BUILT_PRODUCTS_DIR)/Sayfalar Arasi Gecis.app/$(BUNDLE_EXECUTABLE_FOLDER_PATH)/Sayfalar Arasi Gecis";
			};
			name = Release;
		};
		8589FDE22B37465C008285A7 /* Debug */ = {
			isa = XCBuildConfiguration;
			buildSettings = {
				ALWAYS_EMBED_SWIFT_STANDARD_LIBRARIES = YES;
				CODE_SIGN_STYLE = Automatic;
				CURRENT_PROJECT_VERSION = 1;
				DEVELOPMENT_TEAM = GRNYRMUBZH;
				GENERATE_INFOPLIST_FILE = YES;
				MARKETING_VERSION = 1.0;
				PRODUCT_BUNDLE_IDENTIFIER = "Omer.Sayfalar-Arasi-GecisUITests";
				PRODUCT_NAME = "$(TARGET_NAME)";
				SWIFT_EMIT_LOC_STRINGS = NO;
				SWIFT_VERSION = 5.0;
				TARGETED_DEVICE_FAMILY = "1,2";
				TEST_TARGET_NAME = "Sayfalar Arasi Gecis";
			};
			name = Debug;
		};
		8589FDE32B37465C008285A7 /* Release */ = {
			isa = XCBuildConfiguration;
			buildSettings = {
				ALWAYS_EMBED_SWIFT_STANDARD_LIBRARIES = YES;
				CODE_SIGN_STYLE = Automatic;
				CURRENT_PROJECT_VERSION = 1;
				DEVELOPMENT_TEAM = GRNYRMUBZH;
				GENERATE_INFOPLIST_FILE = YES;
				MARKETING_VERSION = 1.0;
				PRODUCT_BUNDLE_IDENTIFIER = "Omer.Sayfalar-Arasi-GecisUITests";
				PRODUCT_NAME = "$(TARGET_NAME)";
				SWIFT_EMIT_LOC_STRINGS = NO;
				SWIFT_VERSION = 5.0;
				TARGETED_DEVICE_FAMILY = "1,2";
				TEST_TARGET_NAME = "Sayfalar Arasi Gecis";
			};
			name = Release;
		};
/* End XCBuildConfiguration section */

/* Begin XCConfigurationList section */
		8589FDAC2B37465A008285A7 /* Build configuration list for PBXProject "Sayfalar Arasi Gecis" */ = {
			isa = XCConfigurationList;
			buildConfigurations = (
				8589FDD92B37465C008285A7 /* Debug */,
				8589FDDA2B37465C008285A7 /* Release */,
			);
			defaultConfigurationIsVisible = 0;
			defaultConfigurationName = Release;
		};
		8589FDDB2B37465C008285A7 /* Build configuration list for PBXNativeTarget "Sayfalar Arasi Gecis" */ = {
			isa = XCConfigurationList;
			buildConfigurations = (
				8589FDDC2B37465C008285A7 /* Debug */,
				8589FDDD2B37465C008285A7 /* Release */,
			);
			defaultConfigurationIsVisible = 0;
			defaultConfigurationName = Release;
		};
		8589FDDE2B37465C008285A7 /* Build configuration list for PBXNativeTarget "Sayfalar Arasi GecisTests" */ = {
			isa = XCConfigurationList;
			buildConfigurations = (
				8589FDDF2B37465C008285A7 /* Debug */,
				8589FDE02B37465C008285A7 /* Release */,
			);
			defaultConfigurationIsVisible = 0;
			defaultConfigurationName = Release;
		};
		8589FDE12B37465C008285A7 /* Build configuration list for PBXNativeTarget "Sayfalar Arasi GecisUITests" */ = {
			isa = XCConfigurationList;
			buildConfigurations = (
				8589FDE22B37465C008285A7 /* Debug */,
				8589FDE32B37465C008285A7 /* Release */,
			);
			defaultConfigurationIsVisible = 0;
			defaultConfigurationName = Release;
		};
/* End XCConfigurationList section */
	};
	rootObject = 8589FDA92B37465A008285A7 /* Project object */;
}
